// !$*UTF8*$!
{
	archiveVersion = 1;
	classes = {
	};
	objectVersion = 46;
	objects = {

/* Begin PBXBuildFile section */
		BA1B5E5C1C46881700C1012D /* main.m in Sources */ = {isa = PBXBuildFile; fileRef = BA1B5E5B1C46881700C1012D /* main.m */; };
		BA1B5E681C469F7700C1012D /* YTPerson.m in Sources */ = {isa = PBXBuildFile; fileRef = BA1B5E671C469F7700C1012D /* YTPerson.m */; };
/* End PBXBuildFile section */

/* Begin PBXCopyFilesBuildPhase section */
		BA1B5E561C46881700C1012D /* CopyFiles */ = {
			isa = PBXCopyFilesBuildPhase;
			buildActionMask = 2147483647;
			dstPath = /usr/share/man/man1/;
			dstSubfolderSpec = 0;
			files = (
			);
			runOnlyForDeploymentPostprocessing = 1;
		};
/* End PBXCopyFilesBuildPhase section */

/* Begin PBXFileReference section */
		BA1B5E581C46881700C1012D /* 0113Copy */ = {isa = PBXFileReference; explicitFileType = "compiled.mach-o.executable"; includeInIndex = 0; path = 0113Copy; sourceTree = BUILT_PRODUCTS_DIR; };
		BA1B5E5B1C46881700C1012D /* main.m */ = {isa = PBXFileReference; lastKnownFileType = sourcecode.c.objc; path = main.m; sourceTree = "<group>"; };
		BA1B5E661C469F7700C1012D /* YTPerson.h */ = {isa = PBXFileReference; fileEncoding = 4; lastKnownFileType = sourcecode.c.h; path = YTPerson.h; sourceTree = "<group>"; };
		BA1B5E671C469F7700C1012D /* YTPerson.m */ = {isa = PBXFileReference; fileEncoding = 4; lastKnownFileType = sourcecode.c.objc; path = YTPerson.m; sourceTree = "<group>"; };
/* End PBXFileReference section */

/* Begin PBXFrameworksBuildPhase section */
		BA1B5E551C46881700C1012D /* Frameworks */ = {
			isa = PBXFrameworksBuildPhase;
			buildActionMask = 2147483647;
			files = (
			);
			runOnlyForDeploymentPostprocessing = 0;
		};
/* End PBXFrameworksBuildPhase section */

/* Begin PBXGroup section */
		BA1B5E4F1C46881700C1012D = {
			isa = PBXGroup;
			children = (
				BA1B5E5A1C46881700C1012D /* 0113Copy */,
				BA1B5E591C46881700C1012D /* Products */,
			);
			sourceTree = "<group>";
		};
		BA1B5E591C46881700C1012D /* Products */ = {
			isa = PBXGroup;
			children = (
				BA1B5E581C46881700C1012D /* 0113Copy */,
			);
			name = Products;
			sourceTree = "<group>";
		};
		BA1B5E5A1C46881700C1012D /* 0113Copy */ = {
			isa = PBXGroup;
			children = (
				BA1B5E5B1C46881700C1012D /* main.m */,
				BA1B5E661C469F7700C1012D /* YTPerson.h */,
				BA1B5E671C469F7700C1012D /* YTPerson.m */,
			);
			path = 0113Copy;
			sourceTree = "<group>";
		};
/* End PBXGroup section */

/* Begin PBXNativeTarget section */
		BA1B5E571C46881700C1012D /* 0113Copy */ = {
			isa = PBXNativeTarget;
			buildConfigurationList = BA1B5E5F1C46881700C1012D /* Build configuration list for PBXNativeTarget "0113Copy" */;
			buildPhases = (
				BA1B5E541C46881700C1012D /* Sources */,
				BA1B5E551C46881700C1012D /* Frameworks */,
				BA1B5E561C46881700C1012D /* CopyFiles */,
			);
			buildRules = (
			);
			dependencies = (
			);
			name = 0113Copy;
			productName = 0113Copy;
			productReference = BA1B5E581C46881700C1012D /* 0113Copy */;
			productType = "com.apple.product-type.tool";
		};
/* End PBXNativeTarget section */

/* Begin PBXProject section */
		BA1B5E501C46881700C1012D /* Project object */ = {
			isa = PBXProject;
			attributes = {
				LastUpgradeCheck = 0720;
				ORGANIZATIONNAME = Lynn;
				TargetAttributes = {
					BA1B5E571C46881700C1012D = {
						CreatedOnToolsVersion = 7.2;
					};
				};
			};
			buildConfigurationList = BA1B5E531C46881700C1012D /* Build configuration list for PBXProject "0113Copy" */;
			compatibilityVersion = "Xcode 3.2";
			developmentRegion = English;
			hasScannedForEncodings = 0;
			knownRegions = (
				en,
			);
			mainGroup = BA1B5E4F1C46881700C1012D;
			productRefGroup = BA1B5E591C46881700C1012D /* Products */;
			projectDirPath = "";
			projectRoot = "";
			targets = (
				BA1B5E571C46881700C1012D /* 0113Copy */,
			);
		};
/* End PBXProject section */

/* Begin PBXSourcesBuildPhase section */
		BA1B5E541C46881700C1012D /* Sources */ = {
			isa = PBXSourcesBuildPhase;
			buildActionMask = 2147483647;
			files = (
				BA1B5E5C1C46881700C1012D /* main.m in Sources */,
				BA1B5E681C469F7700C1012D /* YTPerson.m in Sources */,
			);
			runOnlyForDeploymentPostprocessing = 0;
		};
/* End PBXSourcesBuildPhase section */

/* Begin XCBuildConfiguration section */
		BA1B5E5D1C46881700C1012D /* Debug */ = {
			isa = XCBuildConfiguration;
			buildSettings = {
				ALWAYS_SEARCH_USER_PATHS = NO;
				CLANG_CXX_LANGUAGE_STANDARD = "gnu++0x";
				CLANG_CXX_LIBRARY = "libc++";
				CLANG_ENABLE_MODULES = YES;
				CLANG_ENABLE_OBJC_ARC = YES;
				CLANG_WARN_BOOL_CONVERSION = YES;
				CLANG_WARN_CONSTANT_CONVERSION = YES;
				CLANG_WARN_DIRECT_OBJC_ISA_USAGE = YES_ERROR;
				CLANG_WARN_EMPTY_BODY = YES;
				CLANG_WARN_ENUM_CONVERSION = YES;
				CLANG_WARN_INT_CONVERSION = YES;
				CLANG_WARN_OBJC_ROOT_CLASS = YES_ERROR;
				CLANG_WARN_UNREACHABLE_CODE = YES;
				CLANG_WARN__DUPLICATE_METHOD_MATCH = YES;
				CODE_SIGN_IDENTITY = "-";
				COPY_PHASE_STRIP = NO;
				DEBUG_INFORMATION_FORMAT = dwarf;
				ENABLE_STRICT_OBJC_MSGSEND = YES;
				ENABLE_TESTABILITY = YES;
				GCC_C_LANGUAGE_STANDARD = gnu99;
				GCC_DYNAMIC_NO_PIC = NO;
				GCC_NO_COMMON_BLOCKS = YES;
				GCC_OPTIMIZATION_LEVEL = 0;
				GCC_PREPROCESSOR_DEFINITIONS = (
					"DEBUG=1",
					"$(inherited)",
				);
				GCC_WARN_64_TO_32_BIT_CONVERSION = YES;
				GCC_WARN_ABOUT_RETURN_TYPE = YES_ERROR;
				GCC_WARN_UNDECLARED_SELECTOR = YES;
				GCC_WARN_UNINITIALIZED_AUTOS = YES_AGGRESSIVE;
				GCC_WARN_UNUSED_FUNCTION = YES;
				GCC_WARN_UNUSED_VARIABLE = YES;
				MACOSX_DEPLOYMENT_TARGET = 10.11;
				MTL_ENABLE_DEBUG_INFO = YES;
				ONLY_ACTIVE_ARCH = YES;
				SDKROOT = macosx;
			};
			name = Debug;
		};
		BA1B5E5E1C46881700C1012D /* Release */ = {
			isa = XCBuildConfiguration;
			buildSettings = {
				ALWAYS_SEARCH_USER_PATHS = NO;
				CLANG_CXX_LANGUAGE_STANDARD = "gnu++0x";
				CLANG_CXX_LIBRARY = "libc++";
				CLANG_ENABLE_MODULES = YES;
				CLANG_ENABLE_OBJC_ARC = YES;
				CLANG_WARN_BOOL_CONVERSION = YES;
				CLANG_WARN_CONSTANT_CONVERSION = YES;
				CLANG_WARN_DIRECT_OBJC_ISA_USAGE = YES_ERROR;
				CLANG_WARN_EMPTY_BODY = YES;
				CLANG_WARN_ENUM_CONVERSION = YES;
				CLANG_WARN_INT_CONVERSION = YES;
				CLANG_WARN_OBJC_ROOT_CLASS = YES_ERROR;
				CLANG_WARN_UNREACHABLE_CODE = YES;
				CLANG_WARN__DUPLICATE_METHOD_MATCH = YES;
				CODE_SIGN_IDENTITY = "-";
				COPY_PHASE_STRIP = NO;
				DEBUG_INFORMATION_FORMAT = "dwarf-with-dsym";
				ENABLE_NS_ASSERTIONS = NO;
				ENABLE_STRICT_OBJC_MSGSEND = YES;
				GCC_C_LANGUAGE_STANDARD = gnu99;
				GCC_NO_COMMON_BLOCKS = YES;
				GCC_WARN_64_TO_32_BIT_CONVERSION = YES;
				GCC_WARN_ABOUT_RETURN_TYPE = YES_ERROR;
				GCC_WARN_UNDECLARED_SELECTOR = YES;
				GCC_WARN_UNINITIALIZED_AUTOS = YES_AGGRESSIVE;
				GCC_WARN_UNUSED_FUNCTION = YES;
				GCC_WARN_UNUSED_VARIABLE = YES;
				MACOSX_DEPLOYMENT_TARGET = 10.11;
				MTL_ENABLE_DEBUG_INFO = NO;
				SDKROOT = macosx;
			};
			name = Release;
		};
		BA1B5E601C46881700C1012D /* Debug */ = {
			isa = XCBuildConfiguration;
			buildSettings = {
				PRODUCT_NAME = "$(TARGET_NAME)";
			};
			name = Debug;
		};
		BA1B5E611C46881700C1012D /* Release */ = {
			isa = XCBuildConfiguration;
			buildSettings = {
				PRODUCT_NAME = "$(TARGET_NAME)";
			};
			name = Release;
		};
/* End XCBuildConfiguration section */

/* Begin XCConfigurationList section */
		BA1B5E531C46881700C1012D /* Build configuration list for PBXProject "0113Copy" */ = {
			isa = XCConfigurationList;
			buildConfigurations = (
				BA1B5E5D1C46881700C1012D /* Debug */,
				BA1B5E5E1C46881700C1012D /* Release */,
			);
			defaultConfigurationIsVisible = 0;
			defaultConfigurationName = Release;
		};
		BA1B5E5F1C46881700C1012D /* Build configuration list for PBXNativeTarget "0113Copy" */ = {
			isa = XCConfigurationList;
			buildConfigurations = (
				BA1B5E601C46881700C1012D /* Debug */,
				BA1B5E611C46881700C1012D /* Release */,
			);
			defaultConfigurationIsVisible = 0;
		};
/* End XCConfigurationList section */
	};
	rootObject = BA1B5E501C46881700C1012D /* Project object */;
}
