// !$*UTF8*$!
{
	archiveVersion = 1;
	classes = {
	};
	objectVersion = 46;
	objects = {

/* Begin PBXBuildFile section */
		BA1E00391C3D64A300C5244C /* main.m in Sources */ = {isa = PBXBuildFile; fileRef = BA1E00381C3D64A300C5244C /* main.m */; };
		BA1E003C1C3D64A300C5244C /* AppDelegate.m in Sources */ = {isa = PBXBuildFile; fileRef = BA1E003B1C3D64A300C5244C /* AppDelegate.m */; };
		BA1E003F1C3D64A300C5244C /* ViewController.m in Sources */ = {isa = PBXBuildFile; fileRef = BA1E003E1C3D64A300C5244C /* ViewController.m */; };
		BA1E00421C3D64A300C5244C /* Main.storyboard in Resources */ = {isa = PBXBuildFile; fileRef = BA1E00401C3D64A300C5244C /* Main.storyboard */; };
		BA1E00441C3D64A300C5244C /* Assets.xcassets in Resources */ = {isa = PBXBuildFile; fileRef = BA1E00431C3D64A300C5244C /* Assets.xcassets */; };
		BA1E00471C3D64A300C5244C /* LaunchScreen.storyboard in Resources */ = {isa = PBXBuildFile; fileRef = BA1E00451C3D64A300C5244C /* LaunchScreen.storyboard */; };
		BA1E00521C3D64A300C5244C /* _106____Tests.m in Sources */ = {isa = PBXBuildFile; fileRef = BA1E00511C3D64A300C5244C /* _106____Tests.m */; };
		BA1E005D1C3D64A300C5244C /* _106____UITests.m in Sources */ = {isa = PBXBuildFile; fileRef = BA1E005C1C3D64A300C5244C /* _106____UITests.m */; };
/* End PBXBuildFile section */

/* Begin PBXContainerItemProxy section */
		BA1E004E1C3D64A300C5244C /* PBXContainerItemProxy */ = {
			isa = PBXContainerItemProxy;
			containerPortal = BA1E002C1C3D64A300C5244C /* Project object */;
			proxyType = 1;
			remoteGlobalIDString = BA1E00331C3D64A300C5244C;
			remoteInfo = "0106资源抢占";
		};
		BA1E00591C3D64A300C5244C /* PBXContainerItemProxy */ = {
			isa = PBXContainerItemProxy;
			containerPortal = BA1E002C1C3D64A300C5244C /* Project object */;
			proxyType = 1;
			remoteGlobalIDString = BA1E00331C3D64A300C5244C;
			remoteInfo = "0106资源抢占";
		};
/* End PBXContainerItemProxy section */

/* Begin PBXFileReference section */
		BA1E00341C3D64A300C5244C /* 0106资源抢占.app */ = {isa = PBXFileReference; explicitFileType = wrapper.application; includeInIndex = 0; path = "0106资源抢占.app"; sourceTree = BUILT_PRODUCTS_DIR; };
		BA1E00381C3D64A300C5244C /* main.m */ = {isa = PBXFileReference; lastKnownFileType = sourcecode.c.objc; path = main.m; sourceTree = "<group>"; };
		BA1E003A1C3D64A300C5244C /* AppDelegate.h */ = {isa = PBXFileReference; lastKnownFileType = sourcecode.c.h; path = AppDelegate.h; sourceTree = "<group>"; };
		BA1E003B1C3D64A300C5244C /* AppDelegate.m */ = {isa = PBXFileReference; lastKnownFileType = sourcecode.c.objc; path = AppDelegate.m; sourceTree = "<group>"; };
		BA1E003D1C3D64A300C5244C /* ViewController.h */ = {isa = PBXFileReference; lastKnownFileType = sourcecode.c.h; path = ViewController.h; sourceTree = "<group>"; };
		BA1E003E1C3D64A300C5244C /* ViewController.m */ = {isa = PBXFileReference; lastKnownFileType = sourcecode.c.objc; path = ViewController.m; sourceTree = "<group>"; };
		BA1E00411C3D64A300C5244C /* Base */ = {isa = PBXFileReference; lastKnownFileType = file.storyboard; name = Base; path = Base.lproj/Main.storyboard; sourceTree = "<group>"; };
		BA1E00431C3D64A300C5244C /* Assets.xcassets */ = {isa = PBXFileReference; lastKnownFileType = folder.assetcatalog; path = Assets.xcassets; sourceTree = "<group>"; };
		BA1E00461C3D64A300C5244C /* Base */ = {isa = PBXFileReference; lastKnownFileType = file.storyboard; name = Base; path = Base.lproj/LaunchScreen.storyboard; sourceTree = "<group>"; };
		BA1E00481C3D64A300C5244C /* Info.plist */ = {isa = PBXFileReference; lastKnownFileType = text.plist.xml; path = Info.plist; sourceTree = "<group>"; };
		BA1E004D1C3D64A300C5244C /* 0106资源抢占Tests.xctest */ = {isa = PBXFileReference; explicitFileType = wrapper.cfbundle; includeInIndex = 0; path = "0106资源抢占Tests.xctest"; sourceTree = BUILT_PRODUCTS_DIR; };
		BA1E00511C3D64A300C5244C /* _106____Tests.m */ = {isa = PBXFileReference; lastKnownFileType = sourcecode.c.objc; path = "_106____Tests.m"; sourceTree = "<group>"; };
		BA1E00531C3D64A300C5244C /* Info.plist */ = {isa = PBXFileReference; lastKnownFileType = text.plist.xml; path = Info.plist; sourceTree = "<group>"; };
		BA1E00581C3D64A300C5244C /* 0106资源抢占UITests.xctest */ = {isa = PBXFileReference; explicitFileType = wrapper.cfbundle; includeInIndex = 0; path = "0106资源抢占UITests.xctest"; sourceTree = BUILT_PRODUCTS_DIR; };
		BA1E005C1C3D64A300C5244C /* _106____UITests.m */ = {isa = PBXFileReference; lastKnownFileType = sourcecode.c.objc; path = "_106____UITests.m"; sourceTree = "<group>"; };
		BA1E005E1C3D64A300C5244C /* Info.plist */ = {isa = PBXFileReference; lastKnownFileType = text.plist.xml; path = Info.plist; sourceTree = "<group>"; };
/* End PBXFileReference section */

/* Begin PBXFrameworksBuildPhase section */
		BA1E00311C3D64A300C5244C /* Frameworks */ = {
			isa = PBXFrameworksBuildPhase;
			buildActionMask = 2147483647;
			files = (
			);
			runOnlyForDeploymentPostprocessing = 0;
		};
		BA1E004A1C3D64A300C5244C /* Frameworks */ = {
			isa = PBXFrameworksBuildPhase;
			buildActionMask = 2147483647;
			files = (
			);
			runOnlyForDeploymentPostprocessing = 0;
		};
		BA1E00551C3D64A300C5244C /* Frameworks */ = {
			isa = PBXFrameworksBuildPhase;
			buildActionMask = 2147483647;
			files = (
			);
			runOnlyForDeploymentPostprocessing = 0;
		};
/* End PBXFrameworksBuildPhase section */

/* Begin PBXGroup section */
		BA1E002B1C3D64A300C5244C = {
			isa = PBXGroup;
			children = (
				BA1E00361C3D64A300C5244C /* 0106资源抢占 */,
				BA1E00501C3D64A300C5244C /* 0106资源抢占Tests */,
				BA1E005B1C3D64A300C5244C /* 0106资源抢占UITests */,
				BA1E00351C3D64A300C5244C /* Products */,
			);
			sourceTree = "<group>";
		};
		BA1E00351C3D64A300C5244C /* Products */ = {
			isa = PBXGroup;
			children = (
				BA1E00341C3D64A300C5244C /* 0106资源抢占.app */,
				BA1E004D1C3D64A300C5244C /* 0106资源抢占Tests.xctest */,
				BA1E00581C3D64A300C5244C /* 0106资源抢占UITests.xctest */,
			);
			name = Products;
			sourceTree = "<group>";
		};
		BA1E00361C3D64A300C5244C /* 0106资源抢占 */ = {
			isa = PBXGroup;
			children = (
				BA1E003A1C3D64A300C5244C /* AppDelegate.h */,
				BA1E003B1C3D64A300C5244C /* AppDelegate.m */,
				BA1E003D1C3D64A300C5244C /* ViewController.h */,
				BA1E003E1C3D64A300C5244C /* ViewController.m */,
				BA1E00401C3D64A300C5244C /* Main.storyboard */,
				BA1E00431C3D64A300C5244C /* Assets.xcassets */,
				BA1E00451C3D64A300C5244C /* LaunchScreen.storyboard */,
				BA1E00481C3D64A300C5244C /* Info.plist */,
				BA1E00371C3D64A300C5244C /* Supporting Files */,
			);
			path = "0106资源抢占";
			sourceTree = "<group>";
		};
		BA1E00371C3D64A300C5244C /* Supporting Files */ = {
			isa = PBXGroup;
			children = (
				BA1E00381C3D64A300C5244C /* main.m */,
			);
			name = "Supporting Files";
			sourceTree = "<group>";
		};
		BA1E00501C3D64A300C5244C /* 0106资源抢占Tests */ = {
			isa = PBXGroup;
			children = (
				BA1E00511C3D64A300C5244C /* _106____Tests.m */,
				BA1E00531C3D64A300C5244C /* Info.plist */,
			);
			path = "0106资源抢占Tests";
			sourceTree = "<group>";
		};
		BA1E005B1C3D64A300C5244C /* 0106资源抢占UITests */ = {
			isa = PBXGroup;
			children = (
				BA1E005C1C3D64A300C5244C /* _106____UITests.m */,
				BA1E005E1C3D64A300C5244C /* Info.plist */,
			);
			path = "0106资源抢占UITests";
			sourceTree = "<group>";
		};
/* End PBXGroup section */

/* Begin PBXNativeTarget section */
		BA1E00331C3D64A300C5244C /* 0106资源抢占 */ = {
			isa = PBXNativeTarget;
			buildConfigurationList = BA1E00611C3D64A300C5244C /* Build configuration list for PBXNativeTarget "0106资源抢占" */;
			buildPhases = (
				BA1E00301C3D64A300C5244C /* Sources */,
				BA1E00311C3D64A300C5244C /* Frameworks */,
				BA1E00321C3D64A300C5244C /* Resources */,
			);
			buildRules = (
			);
			dependencies = (
			);
			name = "0106资源抢占";
			productName = "0106资源抢占";
			productReference = BA1E00341C3D64A300C5244C /* 0106资源抢占.app */;
			productType = "com.apple.product-type.application";
		};
		BA1E004C1C3D64A300C5244C /* 0106资源抢占Tests */ = {
			isa = PBXNativeTarget;
			buildConfigurationList = BA1E00641C3D64A300C5244C /* Build configuration list for PBXNativeTarget "0106资源抢占Tests" */;
			buildPhases = (
				BA1E00491C3D64A300C5244C /* Sources */,
				BA1E004A1C3D64A300C5244C /* Frameworks */,
				BA1E004B1C3D64A300C5244C /* Resources */,
			);
			buildRules = (
			);
			dependencies = (
				BA1E004F1C3D64A300C5244C /* PBXTargetDependency */,
			);
			name = "0106资源抢占Tests";
			productName = "0106资源抢占Tests";
			productReference = BA1E004D1C3D64A300C5244C /* 0106资源抢占Tests.xctest */;
			productType = "com.apple.product-type.bundle.unit-test";
		};
		BA1E00571C3D64A300C5244C /* 0106资源抢占UITests */ = {
			isa = PBXNativeTarget;
			buildConfigurationList = BA1E00671C3D64A300C5244C /* Build configuration list for PBXNativeTarget "0106资源抢占UITests" */;
			buildPhases = (
				BA1E00541C3D64A300C5244C /* Sources */,
				BA1E00551C3D64A300C5244C /* Frameworks */,
				BA1E00561C3D64A300C5244C /* Resources */,
			);
			buildRules = (
			);
			dependencies = (
				BA1E005A1C3D64A300C5244C /* PBXTargetDependency */,
			);
			name = "0106资源抢占UITests";
			productName = "0106资源抢占UITests";
			productReference = BA1E00581C3D64A300C5244C /* 0106资源抢占UITests.xctest */;
			productType = "com.apple.product-type.bundle.ui-testing";
		};
/* End PBXNativeTarget section */

/* Begin PBXProject section */
		BA1E002C1C3D64A300C5244C /* Project object */ = {
			isa = PBXProject;
			attributes = {
				LastUpgradeCheck = 0720;
				ORGANIZATIONNAME = Lynn;
				TargetAttributes = {
					BA1E00331C3D64A300C5244C = {
						CreatedOnToolsVersion = 7.2;
						DevelopmentTeam = HYBAG3V76T;
					};
					BA1E004C1C3D64A300C5244C = {
						CreatedOnToolsVersion = 7.2;
						DevelopmentTeam = HYBAG3V76T;
						TestTargetID = BA1E00331C3D64A300C5244C;
					};
					BA1E00571C3D64A300C5244C = {
						CreatedOnToolsVersion = 7.2;
						DevelopmentTeam = HYBAG3V76T;
						TestTargetID = BA1E00331C3D64A300C5244C;
					};
				};
			};
			buildConfigurationList = BA1E002F1C3D64A300C5244C /* Build configuration list for PBXProject "0106资源抢占" */;
			compatibilityVersion = "Xcode 3.2";
			developmentRegion = English;
			hasScannedForEncodings = 0;
			knownRegions = (
				en,
				Base,
			);
			mainGroup = BA1E002B1C3D64A300C5244C;
			productRefGroup = BA1E00351C3D64A300C5244C /* Products */;
			projectDirPath = "";
			projectRoot = "";
			targets = (
				BA1E00331C3D64A300C5244C /* 0106资源抢占 */,
				BA1E004C1C3D64A300C5244C /* 0106资源抢占Tests */,
				BA1E00571C3D64A300C5244C /* 0106资源抢占UITests */,
			);
		};
/* End PBXProject section */

/* Begin PBXResourcesBuildPhase section */
		BA1E00321C3D64A300C5244C /* Resources */ = {
			isa = PBXResourcesBuildPhase;
			buildActionMask = 2147483647;
			files = (
				BA1E00471C3D64A300C5244C /* LaunchScreen.storyboard in Resources */,
				BA1E00441C3D64A300C5244C /* Assets.xcassets in Resources */,
				BA1E00421C3D64A300C5244C /* Main.storyboard in Resources */,
			);
			runOnlyForDeploymentPostprocessing = 0;
		};
		BA1E004B1C3D64A300C5244C /* Resources */ = {
			isa = PBXResourcesBuildPhase;
			buildActionMask = 2147483647;
			files = (
			);
			runOnlyForDeploymentPostprocessing = 0;
		};
		BA1E00561C3D64A300C5244C /* Resources */ = {
			isa = PBXResourcesBuildPhase;
			buildActionMask = 2147483647;
			files = (
			);
			runOnlyForDeploymentPostprocessing = 0;
		};
/* End PBXResourcesBuildPhase section */

/* Begin PBXSourcesBuildPhase section */
		BA1E00301C3D64A300C5244C /* Sources */ = {
			isa = PBXSourcesBuildPhase;
			buildActionMask = 2147483647;
			files = (
				BA1E003F1C3D64A300C5244C /* ViewController.m in Sources */,
				BA1E003C1C3D64A300C5244C /* AppDelegate.m in Sources */,
				BA1E00391C3D64A300C5244C /* main.m in Sources */,
			);
			runOnlyForDeploymentPostprocessing = 0;
		};
		BA1E00491C3D64A300C5244C /* Sources */ = {
			isa = PBXSourcesBuildPhase;
			buildActionMask = 2147483647;
			files = (
				BA1E00521C3D64A300C5244C /* _106____Tests.m in Sources */,
			);
			runOnlyForDeploymentPostprocessing = 0;
		};
		BA1E00541C3D64A300C5244C /* Sources */ = {
			isa = PBXSourcesBuildPhase;
			buildActionMask = 2147483647;
			files = (
				BA1E005D1C3D64A300C5244C /* _106____UITests.m in Sources */,
			);
			runOnlyForDeploymentPostprocessing = 0;
		};
/* End PBXSourcesBuildPhase section */

/* Begin PBXTargetDependency section */
		BA1E004F1C3D64A300C5244C /* PBXTargetDependency */ = {
			isa = PBXTargetDependency;
			target = BA1E00331C3D64A300C5244C /* 0106资源抢占 */;
			targetProxy = BA1E004E1C3D64A300C5244C /* PBXContainerItemProxy */;
		};
		BA1E005A1C3D64A300C5244C /* PBXTargetDependency */ = {
			isa = PBXTargetDependency;
			target = BA1E00331C3D64A300C5244C /* 0106资源抢占 */;
			targetProxy = BA1E00591C3D64A300C5244C /* PBXContainerItemProxy */;
		};
/* End PBXTargetDependency section */

/* Begin PBXVariantGroup section */
		BA1E00401C3D64A300C5244C /* Main.storyboard */ = {
			isa = PBXVariantGroup;
			children = (
				BA1E00411C3D64A300C5244C /* Base */,
			);
			name = Main.storyboard;
			sourceTree = "<group>";
		};
		BA1E00451C3D64A300C5244C /* LaunchScreen.storyboard */ = {
			isa = PBXVariantGroup;
			children = (
				BA1E00461C3D64A300C5244C /* Base */,
			);
			name = LaunchScreen.storyboard;
			sourceTree = "<group>";
		};
/* End PBXVariantGroup section */

/* Begin XCBuildConfiguration section */
		BA1E005F1C3D64A300C5244C /* Debug */ = {
			isa = XCBuildConfiguration;
			buildSettings = {
				ALWAYS_SEARCH_USER_PATHS = NO;
				CLANG_CXX_LANGUAGE_STANDARD = "gnu++0x";
				CLANG_CXX_LIBRARY = "libc++";
				CLANG_ENABLE_MODULES = YES;
				CLANG_ENABLE_OBJC_ARC = YES;
				CLANG_WARN_BOOL_CONVERSION = YES;
				CLANG_WARN_CONSTANT_CONVERSION = YES;
				CLANG_WARN_DIRECT_OBJC_ISA_USAGE = YES_ERROR;
				CLANG_WARN_EMPTY_BODY = YES;
				CLANG_WARN_ENUM_CONVERSION = YES;
				CLANG_WARN_INT_CONVERSION = YES;
				CLANG_WARN_OBJC_ROOT_CLASS = YES_ERROR;
				CLANG_WARN_UNREACHABLE_CODE = YES;
				CLANG_WARN__DUPLICATE_METHOD_MATCH = YES;
				"CODE_SIGN_IDENTITY[sdk=iphoneos*]" = "iPhone Developer";
				COPY_PHASE_STRIP = NO;
				DEBUG_INFORMATION_FORMAT = dwarf;
				ENABLE_STRICT_OBJC_MSGSEND = YES;
				ENABLE_TESTABILITY = YES;
				GCC_C_LANGUAGE_STANDARD = gnu99;
				GCC_DYNAMIC_NO_PIC = NO;
				GCC_NO_COMMON_BLOCKS = YES;
				GCC_OPTIMIZATION_LEVEL = 0;
				GCC_PREPROCESSOR_DEFINITIONS = (
					"DEBUG=1",
					"$(inherited)",
				);
				GCC_WARN_64_TO_32_BIT_CONVERSION = YES;
				GCC_WARN_ABOUT_RETURN_TYPE = YES_ERROR;
				GCC_WARN_UNDECLARED_SELECTOR = YES;
				GCC_WARN_UNINITIALIZED_AUTOS = YES_AGGRESSIVE;
				GCC_WARN_UNUSED_FUNCTION = YES;
				GCC_WARN_UNUSED_VARIABLE = YES;
				IPHONEOS_DEPLOYMENT_TARGET = 9.2;
				MTL_ENABLE_DEBUG_INFO = YES;
				ONLY_ACTIVE_ARCH = YES;
				SDKROOT = iphoneos;
				TARGETED_DEVICE_FAMILY = "1,2";
			};
			name = Debug;
		};
		BA1E00601C3D64A300C5244C /* Release */ = {
			isa = XCBuildConfiguration;
			buildSettings = {
				ALWAYS_SEARCH_USER_PATHS = NO;
				CLANG_CXX_LANGUAGE_STANDARD = "gnu++0x";
				CLANG_CXX_LIBRARY = "libc++";
				CLANG_ENABLE_MODULES = YES;
				CLANG_ENABLE_OBJC_ARC = YES;
				CLANG_WARN_BOOL_CONVERSION = YES;
				CLANG_WARN_CONSTANT_CONVERSION = YES;
				CLANG_WARN_DIRECT_OBJC_ISA_USAGE = YES_ERROR;
				CLANG_WARN_EMPTY_BODY = YES;
				CLANG_WARN_ENUM_CONVERSION = YES;
				CLANG_WARN_INT_CONVERSION = YES;
				CLANG_WARN_OBJC_ROOT_CLASS = YES_ERROR;
				CLANG_WARN_UNREACHABLE_CODE = YES;
				CLANG_WARN__DUPLICATE_METHOD_MATCH = YES;
				"CODE_SIGN_IDENTITY[sdk=iphoneos*]" = "iPhone Developer";
				COPY_PHASE_STRIP = NO;
				DEBUG_INFORMATION_FORMAT = "dwarf-with-dsym";
				ENABLE_NS_ASSERTIONS = NO;
				ENABLE_STRICT_OBJC_MSGSEND = YES;
				GCC_C_LANGUAGE_STANDARD = gnu99;
				GCC_NO_COMMON_BLOCKS = YES;
				GCC_WARN_64_TO_32_BIT_CONVERSION = YES;
				GCC_WARN_ABOUT_RETURN_TYPE = YES_ERROR;
				GCC_WARN_UNDECLARED_SELECTOR = YES;
				GCC_WARN_UNINITIALIZED_AUTOS = YES_AGGRESSIVE;
				GCC_WARN_UNUSED_FUNCTION = YES;
				GCC_WARN_UNUSED_VARIABLE = YES;
				IPHONEOS_DEPLOYMENT_TARGET = 9.2;
				MTL_ENABLE_DEBUG_INFO = NO;
				SDKROOT = iphoneos;
				TARGETED_DEVICE_FAMILY = "1,2";
				VALIDATE_PRODUCT = YES;
			};
			name = Release;
		};
		BA1E00621C3D64A300C5244C /* Debug */ = {
			isa = XCBuildConfiguration;
			buildSettings = {
				ASSETCATALOG_COMPILER_APPICON_NAME = AppIcon;
				INFOPLIST_FILE = "0106资源抢占/Info.plist";
				LD_RUNPATH_SEARCH_PATHS = "$(inherited) @executable_path/Frameworks";
				PRODUCT_BUNDLE_IDENTIFIER = "YT.-106----";
				PRODUCT_NAME = "$(TARGET_NAME)";
			};
			name = Debug;
		};
		BA1E00631C3D64A300C5244C /* Release */ = {
			isa = XCBuildConfiguration;
			buildSettings = {
				ASSETCATALOG_COMPILER_APPICON_NAME = AppIcon;
				INFOPLIST_FILE = "0106资源抢占/Info.plist";
				LD_RUNPATH_SEARCH_PATHS = "$(inherited) @executable_path/Frameworks";
				PRODUCT_BUNDLE_IDENTIFIER = "YT.-106----";
				PRODUCT_NAME = "$(TARGET_NAME)";
			};
			name = Release;
		};
		BA1E00651C3D64A300C5244C /* Debug */ = {
			isa = XCBuildConfiguration;
			buildSettings = {
				BUNDLE_LOADER = "$(TEST_HOST)";
				INFOPLIST_FILE = "0106资源抢占Tests/Info.plist";
				LD_RUNPATH_SEARCH_PATHS = "$(inherited) @executable_path/Frameworks @loader_path/Frameworks";
				PRODUCT_BUNDLE_IDENTIFIER = "YT.-106----Tests";
				PRODUCT_NAME = "$(TARGET_NAME)";
				TEST_HOST = "$(BUILT_PRODUCTS_DIR)/0106资源抢占.app/0106资源抢占";
			};
			name = Debug;
		};
		BA1E00661C3D64A300C5244C /* Release */ = {
			isa = XCBuildConfiguration;
			buildSettings = {
				BUNDLE_LOADER = "$(TEST_HOST)";
				INFOPLIST_FILE = "0106资源抢占Tests/Info.plist";
				LD_RUNPATH_SEARCH_PATHS = "$(inherited) @executable_path/Frameworks @loader_path/Frameworks";
				PRODUCT_BUNDLE_IDENTIFIER = "YT.-106----Tests";
				PRODUCT_NAME = "$(TARGET_NAME)";
				TEST_HOST = "$(BUILT_PRODUCTS_DIR)/0106资源抢占.app/0106资源抢占";
			};
			name = Release;
		};
		BA1E00681C3D64A300C5244C /* Debug */ = {
			isa = XCBuildConfiguration;
			buildSettings = {
				INFOPLIST_FILE = "0106资源抢占UITests/Info.plist";
				LD_RUNPATH_SEARCH_PATHS = "$(inherited) @executable_path/Frameworks @loader_path/Frameworks";
				PRODUCT_BUNDLE_IDENTIFIER = "YT.-106----UITests";
				PRODUCT_NAME = "$(TARGET_NAME)";
				TEST_TARGET_NAME = "0106资源抢占";
				USES_XCTRUNNER = YES;
			};
			name = Debug;
		};
		BA1E00691C3D64A300C5244C /* Release */ = {
			isa = XCBuildConfiguration;
			buildSettings = {
				INFOPLIST_FILE = "0106资源抢占UITests/Info.plist";
				LD_RUNPATH_SEARCH_PATHS = "$(inherited) @executable_path/Frameworks @loader_path/Frameworks";
				PRODUCT_BUNDLE_IDENTIFIER = "YT.-106----UITests";
				PRODUCT_NAME = "$(TARGET_NAME)";
				TEST_TARGET_NAME = "0106资源抢占";
				USES_XCTRUNNER = YES;
			};
			name = Release;
		};
/* End XCBuildConfiguration section */

/* Begin XCConfigurationList section */
		BA1E002F1C3D64A300C5244C /* Build configuration list for PBXProject "0106资源抢占" */ = {
			isa = XCConfigurationList;
			buildConfigurations = (
				BA1E005F1C3D64A300C5244C /* Debug */,
				BA1E00601C3D64A300C5244C /* Release */,
			);
			defaultConfigurationIsVisible = 0;
			defaultConfigurationName = Release;
		};
		BA1E00611C3D64A300C5244C /* Build configuration list for PBXNativeTarget "0106资源抢占" */ = {
			isa = XCConfigurationList;
			buildConfigurations = (
				BA1E00621C3D64A300C5244C /* Debug */,
				BA1E00631C3D64A300C5244C /* Release */,
			);
			defaultConfigurationIsVisible = 0;
		};
		BA1E00641C3D64A300C5244C /* Build configuration list for PBXNativeTarget "0106资源抢占Tests" */ = {
			isa = XCConfigurationList;
			buildConfigurations = (
				BA1E00651C3D64A300C5244C /* Debug */,
				BA1E00661C3D64A300C5244C /* Release */,
			);
			defaultConfigurationIsVisible = 0;
		};
		BA1E00671C3D64A300C5244C /* Build configuration list for PBXNativeTarget "0106资源抢占UITests" */ = {
			isa = XCConfigurationList;
			buildConfigurations = (
				BA1E00681C3D64A300C5244C /* Debug */,
				BA1E00691C3D64A300C5244C /* Release */,
			);
			defaultConfigurationIsVisible = 0;
		};
/* End XCConfigurationList section */
	};
	rootObject = BA1E002C1C3D64A300C5244C /* Project object */;
}
