// !$*UTF8*$!
{
	archiveVersion = 1;
	classes = {
	};
	objectVersion = 46;
	objects = {

/* Begin PBXBuildFile section */
		BA0191D61C5E2A37009B4455 /* XUTabBarButton.m in Sources */ = {isa = PBXBuildFile; fileRef = BA0191D51C5E2A37009B4455 /* XUTabBarButton.m */; };
		BA7A828B1C5DEB2E00F4934F /* main.m in Sources */ = {isa = PBXBuildFile; fileRef = BA7A828A1C5DEB2E00F4934F /* main.m */; };
		BA7A828E1C5DEB2E00F4934F /* AppDelegate.m in Sources */ = {isa = PBXBuildFile; fileRef = BA7A828D1C5DEB2E00F4934F /* AppDelegate.m */; };
		BA7A82961C5DEB2E00F4934F /* Assets.xcassets in Resources */ = {isa = PBXBuildFile; fileRef = BA7A82951C5DEB2E00F4934F /* Assets.xcassets */; };
		BA7A82A41C5DEB2E00F4934F /* _131YTWeiboTests.m in Sources */ = {isa = PBXBuildFile; fileRef = BA7A82A31C5DEB2E00F4934F /* _131YTWeiboTests.m */; };
		BA7A82AF1C5DEB2E00F4934F /* _131YTWeiboUITests.m in Sources */ = {isa = PBXBuildFile; fileRef = BA7A82AE1C5DEB2E00F4934F /* _131YTWeiboUITests.m */; };
		BA7A82DA1C5DEB5F00F4934F /* XUDiscoverTableViewController.m in Sources */ = {isa = PBXBuildFile; fileRef = BA7A82BF1C5DEB5E00F4934F /* XUDiscoverTableViewController.m */; };
		BA7A82DB1C5DEB5F00F4934F /* XUHomeTableViewController.m in Sources */ = {isa = PBXBuildFile; fileRef = BA7A82C51C5DEB5E00F4934F /* XUHomeTableViewController.m */; };
		BA7A82DC1C5DEB5F00F4934F /* XUTabBarViewController.m in Sources */ = {isa = PBXBuildFile; fileRef = BA7A82CB1C5DEB5F00F4934F /* XUTabBarViewController.m */; };
		BA7A82DD1C5DEB5F00F4934F /* XUMeTableViewController.m in Sources */ = {isa = PBXBuildFile; fileRef = BA7A82D11C5DEB5F00F4934F /* XUMeTableViewController.m */; };
		BA7A82DE1C5DEB5F00F4934F /* XUMessageTableViewController.m in Sources */ = {isa = PBXBuildFile; fileRef = BA7A82D71C5DEB5F00F4934F /* XUMessageTableViewController.m */; };
		BA7A82E31C5DFA2900F4934F /* UIImage+XU.m in Sources */ = {isa = PBXBuildFile; fileRef = BA7A82E21C5DFA2900F4934F /* UIImage+XU.m */; };
		BA7A82E61C5DFE7200F4934F /* XUTabBarView.m in Sources */ = {isa = PBXBuildFile; fileRef = BA7A82E51C5DFE7200F4934F /* XUTabBarView.m */; };
		BAAE29851C5F2B62007A37E0 /* UIBarButtonItem+XU.m in Sources */ = {isa = PBXBuildFile; fileRef = BAAE29841C5F2B62007A37E0 /* UIBarButtonItem+XU.m */; };
		BAAE29881C5F323E007A37E0 /* XUSearchBar.m in Sources */ = {isa = PBXBuildFile; fileRef = BAAE29871C5F323E007A37E0 /* XUSearchBar.m */; };
		BAAE298B1C5F3868007A37E0 /* XUTitileButton.m in Sources */ = {isa = PBXBuildFile; fileRef = BAAE298A1C5F3868007A37E0 /* XUTitileButton.m */; };
		BAAE29921C5F93E8007A37E0 /* XUOAuthViewController.m in Sources */ = {isa = PBXBuildFile; fileRef = BAAE29911C5F93E8007A37E0 /* XUOAuthViewController.m */; };
		BAAE29D21C5FA519007A37E0 /* XUAccount.m in Sources */ = {isa = PBXBuildFile; fileRef = BAAE29D11C5FA519007A37E0 /* XUAccount.m */; };
		BAAE29D51C60E9D3007A37E0 /* XUAccountTool.m in Sources */ = {isa = PBXBuildFile; fileRef = BAAE29D41C60E9D3007A37E0 /* XUAccountTool.m */; };
		BAAE2A741C6103F2007A37E0 /* AFHTTPSessionManager.m in Sources */ = {isa = PBXBuildFile; fileRef = BAAE2A401C6103F2007A37E0 /* AFHTTPSessionManager.m */; };
		BAAE2A751C6103F2007A37E0 /* AFNetworkReachabilityManager.m in Sources */ = {isa = PBXBuildFile; fileRef = BAAE2A431C6103F2007A37E0 /* AFNetworkReachabilityManager.m */; };
		BAAE2A761C6103F2007A37E0 /* AFSecurityPolicy.m in Sources */ = {isa = PBXBuildFile; fileRef = BAAE2A451C6103F2007A37E0 /* AFSecurityPolicy.m */; };
		BAAE2A771C6103F2007A37E0 /* AFURLRequestSerialization.m in Sources */ = {isa = PBXBuildFile; fileRef = BAAE2A471C6103F2007A37E0 /* AFURLRequestSerialization.m */; };
		BAAE2A781C6103F2007A37E0 /* AFURLResponseSerialization.m in Sources */ = {isa = PBXBuildFile; fileRef = BAAE2A491C6103F2007A37E0 /* AFURLResponseSerialization.m */; };
		BAAE2A791C6103F2007A37E0 /* AFURLSessionManager.m in Sources */ = {isa = PBXBuildFile; fileRef = BAAE2A4B1C6103F2007A37E0 /* AFURLSessionManager.m */; };
		BAAE2A7A1C6103F2007A37E0 /* MBProgressHUD+MJ.m in Sources */ = {isa = PBXBuildFile; fileRef = BAAE2A4E1C6103F2007A37E0 /* MBProgressHUD+MJ.m */; };
		BAAE2A7B1C6103F2007A37E0 /* MBProgressHUD.bundle in Resources */ = {isa = PBXBuildFile; fileRef = BAAE2A4F1C6103F2007A37E0 /* MBProgressHUD.bundle */; };
		BAAE2A7C1C6103F2007A37E0 /* MBProgressHUD.m in Sources */ = {isa = PBXBuildFile; fileRef = BAAE2A511C6103F2007A37E0 /* MBProgressHUD.m */; };
		BAAE2A7D1C6103F2007A37E0 /* MKAnnotationView+WebCache.m in Sources */ = {isa = PBXBuildFile; fileRef = BAAE2A541C6103F2007A37E0 /* MKAnnotationView+WebCache.m */; };
		BAAE2A7E1C6103F2007A37E0 /* NSData+ImageContentType.m in Sources */ = {isa = PBXBuildFile; fileRef = BAAE2A561C6103F2007A37E0 /* NSData+ImageContentType.m */; };
		BAAE2A7F1C6103F2007A37E0 /* SDImageCache.m in Sources */ = {isa = PBXBuildFile; fileRef = BAAE2A581C6103F2007A37E0 /* SDImageCache.m */; };
		BAAE2A801C6103F2007A37E0 /* SDWebImageCompat.m in Sources */ = {isa = PBXBuildFile; fileRef = BAAE2A5A1C6103F2007A37E0 /* SDWebImageCompat.m */; };
		BAAE2A811C6103F2007A37E0 /* SDWebImageDecoder.m in Sources */ = {isa = PBXBuildFile; fileRef = BAAE2A5C1C6103F2007A37E0 /* SDWebImageDecoder.m */; };
		BAAE2A821C6103F2007A37E0 /* SDWebImageDownloader.m in Sources */ = {isa = PBXBuildFile; fileRef = BAAE2A5E1C6103F2007A37E0 /* SDWebImageDownloader.m */; };
		BAAE2A831C6103F2007A37E0 /* SDWebImageDownloaderOperation.m in Sources */ = {isa = PBXBuildFile; fileRef = BAAE2A601C6103F2007A37E0 /* SDWebImageDownloaderOperation.m */; };
		BAAE2A841C6103F2007A37E0 /* SDWebImageManager.m in Sources */ = {isa = PBXBuildFile; fileRef = BAAE2A621C6103F2007A37E0 /* SDWebImageManager.m */; };
		BAAE2A851C6103F2007A37E0 /* SDWebImagePrefetcher.m in Sources */ = {isa = PBXBuildFile; fileRef = BAAE2A651C6103F2007A37E0 /* SDWebImagePrefetcher.m */; };
		BAAE2A861C6103F2007A37E0 /* UIButton+WebCache.m in Sources */ = {isa = PBXBuildFile; fileRef = BAAE2A671C6103F2007A37E0 /* UIButton+WebCache.m */; };
		BAAE2A871C6103F2007A37E0 /* UIImage+GIF.m in Sources */ = {isa = PBXBuildFile; fileRef = BAAE2A691C6103F2007A37E0 /* UIImage+GIF.m */; };
		BAAE2A881C6103F2007A37E0 /* UIImage+MultiFormat.m in Sources */ = {isa = PBXBuildFile; fileRef = BAAE2A6B1C6103F2007A37E0 /* UIImage+MultiFormat.m */; };
		BAAE2A891C6103F2007A37E0 /* UIImage+WebP.m in Sources */ = {isa = PBXBuildFile; fileRef = BAAE2A6D1C6103F2007A37E0 /* UIImage+WebP.m */; };
		BAAE2A8A1C6103F2007A37E0 /* UIImageView+HighlightedWebCache.m in Sources */ = {isa = PBXBuildFile; fileRef = BAAE2A6F1C6103F2007A37E0 /* UIImageView+HighlightedWebCache.m */; };
		BAAE2A8B1C6103F2007A37E0 /* UIImageView+WebCache.m in Sources */ = {isa = PBXBuildFile; fileRef = BAAE2A711C6103F2007A37E0 /* UIImageView+WebCache.m */; };
		BAAE2A8C1C6103F2007A37E0 /* UIView+WebCacheOperation.m in Sources */ = {isa = PBXBuildFile; fileRef = BAAE2A731C6103F2007A37E0 /* UIView+WebCacheOperation.m */; };
		BAAE2A8F1C6109AC007A37E0 /* XUStatus.m in Sources */ = {isa = PBXBuildFile; fileRef = BAAE2A8E1C6109AC007A37E0 /* XUStatus.m */; };
		BAAE2A921C610D66007A37E0 /* XUUser.m in Sources */ = {isa = PBXBuildFile; fileRef = BAAE2A911C610D66007A37E0 /* XUUser.m */; };
		BAAE2AA71C61131F007A37E0 /* MJArgument.m in Sources */ = {isa = PBXBuildFile; fileRef = BAAE2A951C61131F007A37E0 /* MJArgument.m */; };
		BAAE2AA81C61131F007A37E0 /* MJIvar.m in Sources */ = {isa = PBXBuildFile; fileRef = BAAE2A981C61131F007A37E0 /* MJIvar.m */; };
		BAAE2AA91C61131F007A37E0 /* MJMember.m in Sources */ = {isa = PBXBuildFile; fileRef = BAAE2A9A1C61131F007A37E0 /* MJMember.m */; };
		BAAE2AAA1C61131F007A37E0 /* MJMethod.m in Sources */ = {isa = PBXBuildFile; fileRef = BAAE2A9C1C61131F007A37E0 /* MJMethod.m */; };
		BAAE2AAB1C61131F007A37E0 /* MJType.m in Sources */ = {isa = PBXBuildFile; fileRef = BAAE2A9E1C61131F007A37E0 /* MJType.m */; };
		BAAE2AAC1C61131F007A37E0 /* MJTypeEncoding.m in Sources */ = {isa = PBXBuildFile; fileRef = BAAE2AA01C61131F007A37E0 /* MJTypeEncoding.m */; };
		BAAE2AAD1C61131F007A37E0 /* NSObject+MJCoding.m in Sources */ = {isa = PBXBuildFile; fileRef = BAAE2AA21C61131F007A37E0 /* NSObject+MJCoding.m */; };
		BAAE2AAE1C61131F007A37E0 /* NSObject+MJKeyValue.m in Sources */ = {isa = PBXBuildFile; fileRef = BAAE2AA41C61131F007A37E0 /* NSObject+MJKeyValue.m */; };
		BAAE2AAF1C61131F007A37E0 /* NSObject+MJMember.m in Sources */ = {isa = PBXBuildFile; fileRef = BAAE2AA61C61131F007A37E0 /* NSObject+MJMember.m */; };
		BAC8EDA41C5E71780064A589 /* XUBadgeButton.m in Sources */ = {isa = PBXBuildFile; fileRef = BAC8EDA31C5E71780064A589 /* XUBadgeButton.m */; };
		BAC8EDA71C5E7C200064A589 /* XUNavigationController.m in Sources */ = {isa = PBXBuildFile; fileRef = BAC8EDA61C5E7C200064A589 /* XUNavigationController.m */; };
/* End PBXBuildFile section */

/* Begin PBXContainerItemProxy section */
		BA7A82A01C5DEB2E00F4934F /* PBXContainerItemProxy */ = {
			isa = PBXContainerItemProxy;
			containerPortal = BA7A827E1C5DEB2E00F4934F /* Project object */;
			proxyType = 1;
			remoteGlobalIDString = BA7A82851C5DEB2E00F4934F;
			remoteInfo = 0131YTWeibo;
		};
		BA7A82AB1C5DEB2E00F4934F /* PBXContainerItemProxy */ = {
			isa = PBXContainerItemProxy;
			containerPortal = BA7A827E1C5DEB2E00F4934F /* Project object */;
			proxyType = 1;
			remoteGlobalIDString = BA7A82851C5DEB2E00F4934F;
			remoteInfo = 0131YTWeibo;
		};
/* End PBXContainerItemProxy section */

/* Begin PBXFileReference section */
		BA0191D41C5E2A37009B4455 /* XUTabBarButton.h */ = {isa = PBXFileReference; fileEncoding = 4; lastKnownFileType = sourcecode.c.h; path = XUTabBarButton.h; sourceTree = "<group>"; };
		BA0191D51C5E2A37009B4455 /* XUTabBarButton.m */ = {isa = PBXFileReference; fileEncoding = 4; lastKnownFileType = sourcecode.c.objc; path = XUTabBarButton.m; sourceTree = "<group>"; };
		BA7A82861C5DEB2E00F4934F /* 0131YTWeibo.app */ = {isa = PBXFileReference; explicitFileType = wrapper.application; includeInIndex = 0; path = 0131YTWeibo.app; sourceTree = BUILT_PRODUCTS_DIR; };
		BA7A828A1C5DEB2E00F4934F /* main.m */ = {isa = PBXFileReference; lastKnownFileType = sourcecode.c.objc; path = main.m; sourceTree = "<group>"; };
		BA7A828C1C5DEB2E00F4934F /* AppDelegate.h */ = {isa = PBXFileReference; lastKnownFileType = sourcecode.c.h; path = AppDelegate.h; sourceTree = "<group>"; };
		BA7A828D1C5DEB2E00F4934F /* AppDelegate.m */ = {isa = PBXFileReference; lastKnownFileType = sourcecode.c.objc; path = AppDelegate.m; sourceTree = "<group>"; };
		BA7A82951C5DEB2E00F4934F /* Assets.xcassets */ = {isa = PBXFileReference; lastKnownFileType = folder.assetcatalog; path = Assets.xcassets; sourceTree = "<group>"; };
		BA7A829A1C5DEB2E00F4934F /* Info.plist */ = {isa = PBXFileReference; lastKnownFileType = text.plist.xml; path = Info.plist; sourceTree = "<group>"; };
		BA7A829F1C5DEB2E00F4934F /* 0131YTWeiboTests.xctest */ = {isa = PBXFileReference; explicitFileType = wrapper.cfbundle; includeInIndex = 0; path = 0131YTWeiboTests.xctest; sourceTree = BUILT_PRODUCTS_DIR; };
		BA7A82A31C5DEB2E00F4934F /* _131YTWeiboTests.m */ = {isa = PBXFileReference; lastKnownFileType = sourcecode.c.objc; path = _131YTWeiboTests.m; sourceTree = "<group>"; };
		BA7A82A51C5DEB2E00F4934F /* Info.plist */ = {isa = PBXFileReference; lastKnownFileType = text.plist.xml; path = Info.plist; sourceTree = "<group>"; };
		BA7A82AA1C5DEB2E00F4934F /* 0131YTWeiboUITests.xctest */ = {isa = PBXFileReference; explicitFileType = wrapper.cfbundle; includeInIndex = 0; path = 0131YTWeiboUITests.xctest; sourceTree = BUILT_PRODUCTS_DIR; };
		BA7A82AE1C5DEB2E00F4934F /* _131YTWeiboUITests.m */ = {isa = PBXFileReference; lastKnownFileType = sourcecode.c.objc; path = _131YTWeiboUITests.m; sourceTree = "<group>"; };
		BA7A82B01C5DEB2E00F4934F /* Info.plist */ = {isa = PBXFileReference; lastKnownFileType = text.plist.xml; path = Info.plist; sourceTree = "<group>"; };
		BA7A82BE1C5DEB5E00F4934F /* XUDiscoverTableViewController.h */ = {isa = PBXFileReference; fileEncoding = 4; lastKnownFileType = sourcecode.c.h; path = XUDiscoverTableViewController.h; sourceTree = "<group>"; };
		BA7A82BF1C5DEB5E00F4934F /* XUDiscoverTableViewController.m */ = {isa = PBXFileReference; fileEncoding = 4; lastKnownFileType = sourcecode.c.objc; path = XUDiscoverTableViewController.m; sourceTree = "<group>"; };
		BA7A82C41C5DEB5E00F4934F /* XUHomeTableViewController.h */ = {isa = PBXFileReference; fileEncoding = 4; lastKnownFileType = sourcecode.c.h; path = XUHomeTableViewController.h; sourceTree = "<group>"; };
		BA7A82C51C5DEB5E00F4934F /* XUHomeTableViewController.m */ = {isa = PBXFileReference; fileEncoding = 4; lastKnownFileType = sourcecode.c.objc; path = XUHomeTableViewController.m; sourceTree = "<group>"; };
		BA7A82CA1C5DEB5E00F4934F /* XUTabBarViewController.h */ = {isa = PBXFileReference; fileEncoding = 4; lastKnownFileType = sourcecode.c.h; path = XUTabBarViewController.h; sourceTree = "<group>"; };
		BA7A82CB1C5DEB5F00F4934F /* XUTabBarViewController.m */ = {isa = PBXFileReference; fileEncoding = 4; lastKnownFileType = sourcecode.c.objc; path = XUTabBarViewController.m; sourceTree = "<group>"; };
		BA7A82D01C5DEB5F00F4934F /* XUMeTableViewController.h */ = {isa = PBXFileReference; fileEncoding = 4; lastKnownFileType = sourcecode.c.h; path = XUMeTableViewController.h; sourceTree = "<group>"; };
		BA7A82D11C5DEB5F00F4934F /* XUMeTableViewController.m */ = {isa = PBXFileReference; fileEncoding = 4; lastKnownFileType = sourcecode.c.objc; path = XUMeTableViewController.m; sourceTree = "<group>"; };
		BA7A82D61C5DEB5F00F4934F /* XUMessageTableViewController.h */ = {isa = PBXFileReference; fileEncoding = 4; lastKnownFileType = sourcecode.c.h; path = XUMessageTableViewController.h; sourceTree = "<group>"; };
		BA7A82D71C5DEB5F00F4934F /* XUMessageTableViewController.m */ = {isa = PBXFileReference; fileEncoding = 4; lastKnownFileType = sourcecode.c.objc; path = XUMessageTableViewController.m; sourceTree = "<group>"; };
		BA7A82DF1C5DED4600F4934F /* PrefixHeader.pch */ = {isa = PBXFileReference; lastKnownFileType = sourcecode.c.h; path = PrefixHeader.pch; sourceTree = "<group>"; };
		BA7A82E11C5DFA2900F4934F /* UIImage+XU.h */ = {isa = PBXFileReference; fileEncoding = 4; lastKnownFileType = sourcecode.c.h; path = "UIImage+XU.h"; sourceTree = "<group>"; };
		BA7A82E21C5DFA2900F4934F /* UIImage+XU.m */ = {isa = PBXFileReference; fileEncoding = 4; lastKnownFileType = sourcecode.c.objc; path = "UIImage+XU.m"; sourceTree = "<group>"; };
		BA7A82E41C5DFE7200F4934F /* XUTabBarView.h */ = {isa = PBXFileReference; fileEncoding = 4; lastKnownFileType = sourcecode.c.h; path = XUTabBarView.h; sourceTree = "<group>"; };
		BA7A82E51C5DFE7200F4934F /* XUTabBarView.m */ = {isa = PBXFileReference; fileEncoding = 4; lastKnownFileType = sourcecode.c.objc; path = XUTabBarView.m; sourceTree = "<group>"; };
		BAAE29831C5F2B62007A37E0 /* UIBarButtonItem+XU.h */ = {isa = PBXFileReference; fileEncoding = 4; lastKnownFileType = sourcecode.c.h; path = "UIBarButtonItem+XU.h"; sourceTree = "<group>"; };
		BAAE29841C5F2B62007A37E0 /* UIBarButtonItem+XU.m */ = {isa = PBXFileReference; fileEncoding = 4; lastKnownFileType = sourcecode.c.objc; path = "UIBarButtonItem+XU.m"; sourceTree = "<group>"; };
		BAAE29861C5F323E007A37E0 /* XUSearchBar.h */ = {isa = PBXFileReference; fileEncoding = 4; lastKnownFileType = sourcecode.c.h; path = XUSearchBar.h; sourceTree = "<group>"; };
		BAAE29871C5F323E007A37E0 /* XUSearchBar.m */ = {isa = PBXFileReference; fileEncoding = 4; lastKnownFileType = sourcecode.c.objc; path = XUSearchBar.m; sourceTree = "<group>"; };
		BAAE29891C5F3868007A37E0 /* XUTitileButton.h */ = {isa = PBXFileReference; fileEncoding = 4; lastKnownFileType = sourcecode.c.h; path = XUTitileButton.h; sourceTree = "<group>"; };
		BAAE298A1C5F3868007A37E0 /* XUTitileButton.m */ = {isa = PBXFileReference; fileEncoding = 4; lastKnownFileType = sourcecode.c.objc; path = XUTitileButton.m; sourceTree = "<group>"; };
		BAAE29901C5F93E8007A37E0 /* XUOAuthViewController.h */ = {isa = PBXFileReference; fileEncoding = 4; lastKnownFileType = sourcecode.c.h; path = XUOAuthViewController.h; sourceTree = "<group>"; };
		BAAE29911C5F93E8007A37E0 /* XUOAuthViewController.m */ = {isa = PBXFileReference; fileEncoding = 4; lastKnownFileType = sourcecode.c.objc; path = XUOAuthViewController.m; sourceTree = "<group>"; };
		BAAE29D01C5FA519007A37E0 /* XUAccount.h */ = {isa = PBXFileReference; fileEncoding = 4; lastKnownFileType = sourcecode.c.h; path = XUAccount.h; sourceTree = "<group>"; };
		BAAE29D11C5FA519007A37E0 /* XUAccount.m */ = {isa = PBXFileReference; fileEncoding = 4; lastKnownFileType = sourcecode.c.objc; path = XUAccount.m; sourceTree = "<group>"; };
		BAAE29D31C60E9D3007A37E0 /* XUAccountTool.h */ = {isa = PBXFileReference; fileEncoding = 4; lastKnownFileType = sourcecode.c.h; path = XUAccountTool.h; sourceTree = "<group>"; };
		BAAE29D41C60E9D3007A37E0 /* XUAccountTool.m */ = {isa = PBXFileReference; fileEncoding = 4; lastKnownFileType = sourcecode.c.objc; path = XUAccountTool.m; sourceTree = "<group>"; };
		BAAE2A3F1C6103F2007A37E0 /* AFHTTPSessionManager.h */ = {isa = PBXFileReference; fileEncoding = 4; lastKnownFileType = sourcecode.c.h; path = AFHTTPSessionManager.h; sourceTree = "<group>"; };
		BAAE2A401C6103F2007A37E0 /* AFHTTPSessionManager.m */ = {isa = PBXFileReference; fileEncoding = 4; lastKnownFileType = sourcecode.c.objc; path = AFHTTPSessionManager.m; sourceTree = "<group>"; };
		BAAE2A411C6103F2007A37E0 /* AFNetworking.h */ = {isa = PBXFileReference; fileEncoding = 4; lastKnownFileType = sourcecode.c.h; path = AFNetworking.h; sourceTree = "<group>"; };
		BAAE2A421C6103F2007A37E0 /* AFNetworkReachabilityManager.h */ = {isa = PBXFileReference; fileEncoding = 4; lastKnownFileType = sourcecode.c.h; path = AFNetworkReachabilityManager.h; sourceTree = "<group>"; };
		BAAE2A431C6103F2007A37E0 /* AFNetworkReachabilityManager.m */ = {isa = PBXFileReference; fileEncoding = 4; lastKnownFileType = sourcecode.c.objc; path = AFNetworkReachabilityManager.m; sourceTree = "<group>"; };
		BAAE2A441C6103F2007A37E0 /* AFSecurityPolicy.h */ = {isa = PBXFileReference; fileEncoding = 4; lastKnownFileType = sourcecode.c.h; path = AFSecurityPolicy.h; sourceTree = "<group>"; };
		BAAE2A451C6103F2007A37E0 /* AFSecurityPolicy.m */ = {isa = PBXFileReference; fileEncoding = 4; lastKnownFileType = sourcecode.c.objc; path = AFSecurityPolicy.m; sourceTree = "<group>"; };
		BAAE2A461C6103F2007A37E0 /* AFURLRequestSerialization.h */ = {isa = PBXFileReference; fileEncoding = 4; lastKnownFileType = sourcecode.c.h; path = AFURLRequestSerialization.h; sourceTree = "<group>"; };
		BAAE2A471C6103F2007A37E0 /* AFURLRequestSerialization.m */ = {isa = PBXFileReference; fileEncoding = 4; lastKnownFileType = sourcecode.c.objc; path = AFURLRequestSerialization.m; sourceTree = "<group>"; };
		BAAE2A481C6103F2007A37E0 /* AFURLResponseSerialization.h */ = {isa = PBXFileReference; fileEncoding = 4; lastKnownFileType = sourcecode.c.h; path = AFURLResponseSerialization.h; sourceTree = "<group>"; };
		BAAE2A491C6103F2007A37E0 /* AFURLResponseSerialization.m */ = {isa = PBXFileReference; fileEncoding = 4; lastKnownFileType = sourcecode.c.objc; path = AFURLResponseSerialization.m; sourceTree = "<group>"; };
		BAAE2A4A1C6103F2007A37E0 /* AFURLSessionManager.h */ = {isa = PBXFileReference; fileEncoding = 4; lastKnownFileType = sourcecode.c.h; path = AFURLSessionManager.h; sourceTree = "<group>"; };
		BAAE2A4B1C6103F2007A37E0 /* AFURLSessionManager.m */ = {isa = PBXFileReference; fileEncoding = 4; lastKnownFileType = sourcecode.c.objc; path = AFURLSessionManager.m; sourceTree = "<group>"; };
		BAAE2A4D1C6103F2007A37E0 /* MBProgressHUD+MJ.h */ = {isa = PBXFileReference; fileEncoding = 4; lastKnownFileType = sourcecode.c.h; path = "MBProgressHUD+MJ.h"; sourceTree = "<group>"; };
		BAAE2A4E1C6103F2007A37E0 /* MBProgressHUD+MJ.m */ = {isa = PBXFileReference; fileEncoding = 4; lastKnownFileType = sourcecode.c.objc; path = "MBProgressHUD+MJ.m"; sourceTree = "<group>"; };
		BAAE2A4F1C6103F2007A37E0 /* MBProgressHUD.bundle */ = {isa = PBXFileReference; lastKnownFileType = "wrapper.plug-in"; path = MBProgressHUD.bundle; sourceTree = "<group>"; };
		BAAE2A501C6103F2007A37E0 /* MBProgressHUD.h */ = {isa = PBXFileReference; fileEncoding = 4; lastKnownFileType = sourcecode.c.h; path = MBProgressHUD.h; sourceTree = "<group>"; };
		BAAE2A511C6103F2007A37E0 /* MBProgressHUD.m */ = {isa = PBXFileReference; fileEncoding = 4; lastKnownFileType = sourcecode.c.objc; path = MBProgressHUD.m; sourceTree = "<group>"; };
		BAAE2A531C6103F2007A37E0 /* MKAnnotationView+WebCache.h */ = {isa = PBXFileReference; fileEncoding = 4; lastKnownFileType = sourcecode.c.h; path = "MKAnnotationView+WebCache.h"; sourceTree = "<group>"; };
		BAAE2A541C6103F2007A37E0 /* MKAnnotationView+WebCache.m */ = {isa = PBXFileReference; fileEncoding = 4; lastKnownFileType = sourcecode.c.objc; path = "MKAnnotationView+WebCache.m"; sourceTree = "<group>"; };
		BAAE2A551C6103F2007A37E0 /* NSData+ImageContentType.h */ = {isa = PBXFileReference; fileEncoding = 4; lastKnownFileType = sourcecode.c.h; path = "NSData+ImageContentType.h"; sourceTree = "<group>"; };
		BAAE2A561C6103F2007A37E0 /* NSData+ImageContentType.m */ = {isa = PBXFileReference; fileEncoding = 4; lastKnownFileType = sourcecode.c.objc; path = "NSData+ImageContentType.m"; sourceTree = "<group>"; };
		BAAE2A571C6103F2007A37E0 /* SDImageCache.h */ = {isa = PBXFileReference; fileEncoding = 4; lastKnownFileType = sourcecode.c.h; path = SDImageCache.h; sourceTree = "<group>"; };
		BAAE2A581C6103F2007A37E0 /* SDImageCache.m */ = {isa = PBXFileReference; fileEncoding = 4; lastKnownFileType = sourcecode.c.objc; path = SDImageCache.m; sourceTree = "<group>"; };
		BAAE2A591C6103F2007A37E0 /* SDWebImageCompat.h */ = {isa = PBXFileReference; fileEncoding = 4; lastKnownFileType = sourcecode.c.h; path = SDWebImageCompat.h; sourceTree = "<group>"; };
		BAAE2A5A1C6103F2007A37E0 /* SDWebImageCompat.m */ = {isa = PBXFileReference; fileEncoding = 4; lastKnownFileType = sourcecode.c.objc; path = SDWebImageCompat.m; sourceTree = "<group>"; };
		BAAE2A5B1C6103F2007A37E0 /* SDWebImageDecoder.h */ = {isa = PBXFileReference; fileEncoding = 4; lastKnownFileType = sourcecode.c.h; path = SDWebImageDecoder.h; sourceTree = "<group>"; };
		BAAE2A5C1C6103F2007A37E0 /* SDWebImageDecoder.m */ = {isa = PBXFileReference; fileEncoding = 4; lastKnownFileType = sourcecode.c.objc; path = SDWebImageDecoder.m; sourceTree = "<group>"; };
		BAAE2A5D1C6103F2007A37E0 /* SDWebImageDownloader.h */ = {isa = PBXFileReference; fileEncoding = 4; lastKnownFileType = sourcecode.c.h; path = SDWebImageDownloader.h; sourceTree = "<group>"; };
		BAAE2A5E1C6103F2007A37E0 /* SDWebImageDownloader.m */ = {isa = PBXFileReference; fileEncoding = 4; lastKnownFileType = sourcecode.c.objc; path = SDWebImageDownloader.m; sourceTree = "<group>"; };
		BAAE2A5F1C6103F2007A37E0 /* SDWebImageDownloaderOperation.h */ = {isa = PBXFileReference; fileEncoding = 4; lastKnownFileType = sourcecode.c.h; path = SDWebImageDownloaderOperation.h; sourceTree = "<group>"; };
		BAAE2A601C6103F2007A37E0 /* SDWebImageDownloaderOperation.m */ = {isa = PBXFileReference; fileEncoding = 4; lastKnownFileType = sourcecode.c.objc; path = SDWebImageDownloaderOperation.m; sourceTree = "<group>"; };
		BAAE2A611C6103F2007A37E0 /* SDWebImageManager.h */ = {isa = PBXFileReference; fileEncoding = 4; lastKnownFileType = sourcecode.c.h; path = SDWebImageManager.h; sourceTree = "<group>"; };
		BAAE2A621C6103F2007A37E0 /* SDWebImageManager.m */ = {isa = PBXFileReference; fileEncoding = 4; lastKnownFileType = sourcecode.c.objc; path = SDWebImageManager.m; sourceTree = "<group>"; };
		BAAE2A631C6103F2007A37E0 /* SDWebImageOperation.h */ = {isa = PBXFileReference; fileEncoding = 4; lastKnownFileType = sourcecode.c.h; path = SDWebImageOperation.h; sourceTree = "<group>"; };
		BAAE2A641C6103F2007A37E0 /* SDWebImagePrefetcher.h */ = {isa = PBXFileReference; fileEncoding = 4; lastKnownFileType = sourcecode.c.h; path = SDWebImagePrefetcher.h; sourceTree = "<group>"; };
		BAAE2A651C6103F2007A37E0 /* SDWebImagePrefetcher.m */ = {isa = PBXFileReference; fileEncoding = 4; lastKnownFileType = sourcecode.c.objc; path = SDWebImagePrefetcher.m; sourceTree = "<group>"; };
		BAAE2A661C6103F2007A37E0 /* UIButton+WebCache.h */ = {isa = PBXFileReference; fileEncoding = 4; lastKnownFileType = sourcecode.c.h; path = "UIButton+WebCache.h"; sourceTree = "<group>"; };
		BAAE2A671C6103F2007A37E0 /* UIButton+WebCache.m */ = {isa = PBXFileReference; fileEncoding = 4; lastKnownFileType = sourcecode.c.objc; path = "UIButton+WebCache.m"; sourceTree = "<group>"; };
		BAAE2A681C6103F2007A37E0 /* UIImage+GIF.h */ = {isa = PBXFileReference; fileEncoding = 4; lastKnownFileType = sourcecode.c.h; path = "UIImage+GIF.h"; sourceTree = "<group>"; };
		BAAE2A691C6103F2007A37E0 /* UIImage+GIF.m */ = {isa = PBXFileReference; fileEncoding = 4; lastKnownFileType = sourcecode.c.objc; path = "UIImage+GIF.m"; sourceTree = "<group>"; };
		BAAE2A6A1C6103F2007A37E0 /* UIImage+MultiFormat.h */ = {isa = PBXFileReference; fileEncoding = 4; lastKnownFileType = sourcecode.c.h; path = "UIImage+MultiFormat.h"; sourceTree = "<group>"; };
		BAAE2A6B1C6103F2007A37E0 /* UIImage+MultiFormat.m */ = {isa = PBXFileReference; fileEncoding = 4; lastKnownFileType = sourcecode.c.objc; path = "UIImage+MultiFormat.m"; sourceTree = "<group>"; };
		BAAE2A6C1C6103F2007A37E0 /* UIImage+WebP.h */ = {isa = PBXFileReference; fileEncoding = 4; lastKnownFileType = sourcecode.c.h; path = "UIImage+WebP.h"; sourceTree = "<group>"; };
		BAAE2A6D1C6103F2007A37E0 /* UIImage+WebP.m */ = {isa = PBXFileReference; fileEncoding = 4; lastKnownFileType = sourcecode.c.objc; path = "UIImage+WebP.m"; sourceTree = "<group>"; };
		BAAE2A6E1C6103F2007A37E0 /* UIImageView+HighlightedWebCache.h */ = {isa = PBXFileReference; fileEncoding = 4; lastKnownFileType = sourcecode.c.h; path = "UIImageView+HighlightedWebCache.h"; sourceTree = "<group>"; };
		BAAE2A6F1C6103F2007A37E0 /* UIImageView+HighlightedWebCache.m */ = {isa = PBXFileReference; fileEncoding = 4; lastKnownFileType = sourcecode.c.objc; path = "UIImageView+HighlightedWebCache.m"; sourceTree = "<group>"; };
		BAAE2A701C6103F2007A37E0 /* UIImageView+WebCache.h */ = {isa = PBXFileReference; fileEncoding = 4; lastKnownFileType = sourcecode.c.h; path = "UIImageView+WebCache.h"; sourceTree = "<group>"; };
		BAAE2A711C6103F2007A37E0 /* UIImageView+WebCache.m */ = {isa = PBXFileReference; fileEncoding = 4; lastKnownFileType = sourcecode.c.objc; path = "UIImageView+WebCache.m"; sourceTree = "<group>"; };
		BAAE2A721C6103F2007A37E0 /* UIView+WebCacheOperation.h */ = {isa = PBXFileReference; fileEncoding = 4; lastKnownFileType = sourcecode.c.h; path = "UIView+WebCacheOperation.h"; sourceTree = "<group>"; };
		BAAE2A731C6103F2007A37E0 /* UIView+WebCacheOperation.m */ = {isa = PBXFileReference; fileEncoding = 4; lastKnownFileType = sourcecode.c.objc; path = "UIView+WebCacheOperation.m"; sourceTree = "<group>"; };
		BAAE2A8D1C6109AC007A37E0 /* XUStatus.h */ = {isa = PBXFileReference; fileEncoding = 4; lastKnownFileType = sourcecode.c.h; path = XUStatus.h; sourceTree = "<group>"; };
		BAAE2A8E1C6109AC007A37E0 /* XUStatus.m */ = {isa = PBXFileReference; fileEncoding = 4; lastKnownFileType = sourcecode.c.objc; path = XUStatus.m; sourceTree = "<group>"; };
		BAAE2A901C610D66007A37E0 /* XUUser.h */ = {isa = PBXFileReference; fileEncoding = 4; lastKnownFileType = sourcecode.c.h; path = XUUser.h; sourceTree = "<group>"; };
		BAAE2A911C610D66007A37E0 /* XUUser.m */ = {isa = PBXFileReference; fileEncoding = 4; lastKnownFileType = sourcecode.c.objc; path = XUUser.m; sourceTree = "<group>"; };
		BAAE2A941C61131F007A37E0 /* MJArgument.h */ = {isa = PBXFileReference; fileEncoding = 4; lastKnownFileType = sourcecode.c.h; path = MJArgument.h; sourceTree = "<group>"; };
		BAAE2A951C61131F007A37E0 /* MJArgument.m */ = {isa = PBXFileReference; fileEncoding = 4; lastKnownFileType = sourcecode.c.objc; path = MJArgument.m; sourceTree = "<group>"; };
		BAAE2A961C61131F007A37E0 /* MJExtension.h */ = {isa = PBXFileReference; fileEncoding = 4; lastKnownFileType = sourcecode.c.h; path = MJExtension.h; sourceTree = "<group>"; };
		BAAE2A971C61131F007A37E0 /* MJIvar.h */ = {isa = PBXFileReference; fileEncoding = 4; lastKnownFileType = sourcecode.c.h; path = MJIvar.h; sourceTree = "<group>"; };
		BAAE2A981C61131F007A37E0 /* MJIvar.m */ = {isa = PBXFileReference; fileEncoding = 4; lastKnownFileType = sourcecode.c.objc; path = MJIvar.m; sourceTree = "<group>"; };
		BAAE2A991C61131F007A37E0 /* MJMember.h */ = {isa = PBXFileReference; fileEncoding = 4; lastKnownFileType = sourcecode.c.h; path = MJMember.h; sourceTree = "<group>"; };
		BAAE2A9A1C61131F007A37E0 /* MJMember.m */ = {isa = PBXFileReference; fileEncoding = 4; lastKnownFileType = sourcecode.c.objc; path = MJMember.m; sourceTree = "<group>"; };
		BAAE2A9B1C61131F007A37E0 /* MJMethod.h */ = {isa = PBXFileReference; fileEncoding = 4; lastKnownFileType = sourcecode.c.h; path = MJMethod.h; sourceTree = "<group>"; };
		BAAE2A9C1C61131F007A37E0 /* MJMethod.m */ = {isa = PBXFileReference; fileEncoding = 4; lastKnownFileType = sourcecode.c.objc; path = MJMethod.m; sourceTree = "<group>"; };
		BAAE2A9D1C61131F007A37E0 /* MJType.h */ = {isa = PBXFileReference; fileEncoding = 4; lastKnownFileType = sourcecode.c.h; path = MJType.h; sourceTree = "<group>"; };
		BAAE2A9E1C61131F007A37E0 /* MJType.m */ = {isa = PBXFileReference; fileEncoding = 4; lastKnownFileType = sourcecode.c.objc; path = MJType.m; sourceTree = "<group>"; };
		BAAE2A9F1C61131F007A37E0 /* MJTypeEncoding.h */ = {isa = PBXFileReference; fileEncoding = 4; lastKnownFileType = sourcecode.c.h; path = MJTypeEncoding.h; sourceTree = "<group>"; };
		BAAE2AA01C61131F007A37E0 /* MJTypeEncoding.m */ = {isa = PBXFileReference; fileEncoding = 4; lastKnownFileType = sourcecode.c.objc; path = MJTypeEncoding.m; sourceTree = "<group>"; };
		BAAE2AA11C61131F007A37E0 /* NSObject+MJCoding.h */ = {isa = PBXFileReference; fileEncoding = 4; lastKnownFileType = sourcecode.c.h; path = "NSObject+MJCoding.h"; sourceTree = "<group>"; };
		BAAE2AA21C61131F007A37E0 /* NSObject+MJCoding.m */ = {isa = PBXFileReference; fileEncoding = 4; lastKnownFileType = sourcecode.c.objc; path = "NSObject+MJCoding.m"; sourceTree = "<group>"; };
		BAAE2AA31C61131F007A37E0 /* NSObject+MJKeyValue.h */ = {isa = PBXFileReference; fileEncoding = 4; lastKnownFileType = sourcecode.c.h; path = "NSObject+MJKeyValue.h"; sourceTree = "<group>"; };
		BAAE2AA41C61131F007A37E0 /* NSObject+MJKeyValue.m */ = {isa = PBXFileReference; fileEncoding = 4; lastKnownFileType = sourcecode.c.objc; path = "NSObject+MJKeyValue.m"; sourceTree = "<group>"; };
		BAAE2AA51C61131F007A37E0 /* NSObject+MJMember.h */ = {isa = PBXFileReference; fileEncoding = 4; lastKnownFileType = sourcecode.c.h; path = "NSObject+MJMember.h"; sourceTree = "<group>"; };
		BAAE2AA61C61131F007A37E0 /* NSObject+MJMember.m */ = {isa = PBXFileReference; fileEncoding = 4; lastKnownFileType = sourcecode.c.objc; path = "NSObject+MJMember.m"; sourceTree = "<group>"; };
		BAC8EDA21C5E71780064A589 /* XUBadgeButton.h */ = {isa = PBXFileReference; fileEncoding = 4; lastKnownFileType = sourcecode.c.h; path = XUBadgeButton.h; sourceTree = "<group>"; };
		BAC8EDA31C5E71780064A589 /* XUBadgeButton.m */ = {isa = PBXFileReference; fileEncoding = 4; lastKnownFileType = sourcecode.c.objc; path = XUBadgeButton.m; sourceTree = "<group>"; };
		BAC8EDA51C5E7C200064A589 /* XUNavigationController.h */ = {isa = PBXFileReference; fileEncoding = 4; lastKnownFileType = sourcecode.c.h; path = XUNavigationController.h; sourceTree = "<group>"; };
		BAC8EDA61C5E7C200064A589 /* XUNavigationController.m */ = {isa = PBXFileReference; fileEncoding = 4; lastKnownFileType = sourcecode.c.objc; path = XUNavigationController.m; sourceTree = "<group>"; };
/* End PBXFileReference section */

/* Begin PBXFrameworksBuildPhase section */
		BA7A82831C5DEB2E00F4934F /* Frameworks */ = {
			isa = PBXFrameworksBuildPhase;
			buildActionMask = 2147483647;
			files = (
			);
			runOnlyForDeploymentPostprocessing = 0;
		};
		BA7A829C1C5DEB2E00F4934F /* Frameworks */ = {
			isa = PBXFrameworksBuildPhase;
			buildActionMask = 2147483647;
			files = (
			);
			runOnlyForDeploymentPostprocessing = 0;
		};
		BA7A82A71C5DEB2E00F4934F /* Frameworks */ = {
			isa = PBXFrameworksBuildPhase;
			buildActionMask = 2147483647;
			files = (
			);
			runOnlyForDeploymentPostprocessing = 0;
		};
/* End PBXFrameworksBuildPhase section */

/* Begin PBXGroup section */
		BA7A827D1C5DEB2E00F4934F = {
			isa = PBXGroup;
			children = (
				BA7A82881C5DEB2E00F4934F /* 0131YTWeibo */,
				BA7A82A21C5DEB2E00F4934F /* 0131YTWeiboTests */,
				BA7A82AD1C5DEB2E00F4934F /* 0131YTWeiboUITests */,
				BA7A82871C5DEB2E00F4934F /* Products */,
			);
			sourceTree = "<group>";
		};
		BA7A82871C5DEB2E00F4934F /* Products */ = {
			isa = PBXGroup;
			children = (
				BA7A82861C5DEB2E00F4934F /* 0131YTWeibo.app */,
				BA7A829F1C5DEB2E00F4934F /* 0131YTWeiboTests.xctest */,
				BA7A82AA1C5DEB2E00F4934F /* 0131YTWeiboUITests.xctest */,
			);
			name = Products;
			sourceTree = "<group>";
		};
		BA7A82881C5DEB2E00F4934F /* 0131YTWeibo */ = {
			isa = PBXGroup;
			children = (
				BAAE2A3D1C6103F2007A37E0 /* Lib */,
				BAAE298C1C5F9324007A37E0 /* OAuth(授权) */,
				BA7A82E01C5DFA0C00F4934F /* Category */,
				BA7A82BC1C5DEB5E00F4934F /* Discover(广场) */,
				BA7A82C21C5DEB5E00F4934F /* Home(主页) */,
				BA7A82C81C5DEB5E00F4934F /* Main(主要) */,
				BA7A82CE1C5DEB5F00F4934F /* Me(我) */,
				BA7A82D41C5DEB5F00F4934F /* Message(消息) */,
				BA7A82891C5DEB2E00F4934F /* Supporting Files */,
			);
			path = 0131YTWeibo;
			sourceTree = "<group>";
		};
		BA7A82891C5DEB2E00F4934F /* Supporting Files */ = {
			isa = PBXGroup;
			children = (
				BA7A828C1C5DEB2E00F4934F /* AppDelegate.h */,
				BA7A828D1C5DEB2E00F4934F /* AppDelegate.m */,
				BA7A82951C5DEB2E00F4934F /* Assets.xcassets */,
				BA7A829A1C5DEB2E00F4934F /* Info.plist */,
				BA7A828A1C5DEB2E00F4934F /* main.m */,
				BA7A82DF1C5DED4600F4934F /* PrefixHeader.pch */,
			);
			name = "Supporting Files";
			sourceTree = "<group>";
		};
		BA7A82A21C5DEB2E00F4934F /* 0131YTWeiboTests */ = {
			isa = PBXGroup;
			children = (
				BA7A82A31C5DEB2E00F4934F /* _131YTWeiboTests.m */,
				BA7A82A51C5DEB2E00F4934F /* Info.plist */,
			);
			path = 0131YTWeiboTests;
			sourceTree = "<group>";
		};
		BA7A82AD1C5DEB2E00F4934F /* 0131YTWeiboUITests */ = {
			isa = PBXGroup;
			children = (
				BA7A82AE1C5DEB2E00F4934F /* _131YTWeiboUITests.m */,
				BA7A82B01C5DEB2E00F4934F /* Info.plist */,
			);
			path = 0131YTWeiboUITests;
			sourceTree = "<group>";
		};
		BA7A82BC1C5DEB5E00F4934F /* Discover(广场) */ = {
			isa = PBXGroup;
			children = (
				BA7A82BD1C5DEB5E00F4934F /* Controllers */,
				BA7A82C01C5DEB5E00F4934F /* Models */,
				BA7A82C11C5DEB5E00F4934F /* Views */,
			);
			path = "Discover(广场)";
			sourceTree = "<group>";
		};
		BA7A82BD1C5DEB5E00F4934F /* Controllers */ = {
			isa = PBXGroup;
			children = (
				BA7A82BE1C5DEB5E00F4934F /* XUDiscoverTableViewController.h */,
				BA7A82BF1C5DEB5E00F4934F /* XUDiscoverTableViewController.m */,
			);
			path = Controllers;
			sourceTree = "<group>";
		};
		BA7A82C01C5DEB5E00F4934F /* Models */ = {
			isa = PBXGroup;
			children = (
			);
			path = Models;
			sourceTree = "<group>";
		};
		BA7A82C11C5DEB5E00F4934F /* Views */ = {
			isa = PBXGroup;
			children = (
				BAAE29861C5F323E007A37E0 /* XUSearchBar.h */,
				BAAE29871C5F323E007A37E0 /* XUSearchBar.m */,
			);
			path = Views;
			sourceTree = "<group>";
		};
		BA7A82C21C5DEB5E00F4934F /* Home(主页) */ = {
			isa = PBXGroup;
			children = (
				BA7A82C31C5DEB5E00F4934F /* Controllers */,
				BA7A82C61C5DEB5E00F4934F /* Models */,
				BA7A82C71C5DEB5E00F4934F /* Views */,
			);
			path = "Home(主页)";
			sourceTree = "<group>";
		};
		BA7A82C31C5DEB5E00F4934F /* Controllers */ = {
			isa = PBXGroup;
			children = (
				BA7A82C41C5DEB5E00F4934F /* XUHomeTableViewController.h */,
				BA7A82C51C5DEB5E00F4934F /* XUHomeTableViewController.m */,
			);
			path = Controllers;
			sourceTree = "<group>";
		};
		BA7A82C61C5DEB5E00F4934F /* Models */ = {
			isa = PBXGroup;
			children = (
				BAAE2A8D1C6109AC007A37E0 /* XUStatus.h */,
				BAAE2A8E1C6109AC007A37E0 /* XUStatus.m */,
				BAAE2A901C610D66007A37E0 /* XUUser.h */,
				BAAE2A911C610D66007A37E0 /* XUUser.m */,
			);
			path = Models;
			sourceTree = "<group>";
		};
		BA7A82C71C5DEB5E00F4934F /* Views */ = {
			isa = PBXGroup;
			children = (
				BAAE29891C5F3868007A37E0 /* XUTitileButton.h */,
				BAAE298A1C5F3868007A37E0 /* XUTitileButton.m */,
			);
			path = Views;
			sourceTree = "<group>";
		};
		BA7A82C81C5DEB5E00F4934F /* Main(主要) */ = {
			isa = PBXGroup;
			children = (
				BA7A82C91C5DEB5E00F4934F /* Controllers */,
				BA7A82CC1C5DEB5F00F4934F /* Models */,
				BA7A82CD1C5DEB5F00F4934F /* Views */,
			);
			path = "Main(主要)";
			sourceTree = "<group>";
		};
		BA7A82C91C5DEB5E00F4934F /* Controllers */ = {
			isa = PBXGroup;
			children = (
				BA7A82CA1C5DEB5E00F4934F /* XUTabBarViewController.h */,
				BA7A82CB1C5DEB5F00F4934F /* XUTabBarViewController.m */,
				BAC8EDA51C5E7C200064A589 /* XUNavigationController.h */,
				BAC8EDA61C5E7C200064A589 /* XUNavigationController.m */,
			);
			path = Controllers;
			sourceTree = "<group>";
		};
		BA7A82CC1C5DEB5F00F4934F /* Models */ = {
			isa = PBXGroup;
			children = (
			);
			path = Models;
			sourceTree = "<group>";
		};
		BA7A82CD1C5DEB5F00F4934F /* Views */ = {
			isa = PBXGroup;
			children = (
				BA7A82E41C5DFE7200F4934F /* XUTabBarView.h */,
				BA7A82E51C5DFE7200F4934F /* XUTabBarView.m */,
				BA0191D41C5E2A37009B4455 /* XUTabBarButton.h */,
				BA0191D51C5E2A37009B4455 /* XUTabBarButton.m */,
				BAC8EDA21C5E71780064A589 /* XUBadgeButton.h */,
				BAC8EDA31C5E71780064A589 /* XUBadgeButton.m */,
			);
			path = Views;
			sourceTree = "<group>";
		};
		BA7A82CE1C5DEB5F00F4934F /* Me(我) */ = {
			isa = PBXGroup;
			children = (
				BA7A82CF1C5DEB5F00F4934F /* Controllers */,
				BA7A82D21C5DEB5F00F4934F /* Models */,
				BA7A82D31C5DEB5F00F4934F /* Views */,
			);
			path = "Me(我)";
			sourceTree = "<group>";
		};
		BA7A82CF1C5DEB5F00F4934F /* Controllers */ = {
			isa = PBXGroup;
			children = (
				BA7A82D01C5DEB5F00F4934F /* XUMeTableViewController.h */,
				BA7A82D11C5DEB5F00F4934F /* XUMeTableViewController.m */,
			);
			path = Controllers;
			sourceTree = "<group>";
		};
		BA7A82D21C5DEB5F00F4934F /* Models */ = {
			isa = PBXGroup;
			children = (
			);
			path = Models;
			sourceTree = "<group>";
		};
		BA7A82D31C5DEB5F00F4934F /* Views */ = {
			isa = PBXGroup;
			children = (
			);
			path = Views;
			sourceTree = "<group>";
		};
		BA7A82D41C5DEB5F00F4934F /* Message(消息) */ = {
			isa = PBXGroup;
			children = (
				BA7A82D51C5DEB5F00F4934F /* Controllers */,
				BA7A82D81C5DEB5F00F4934F /* Models */,
				BA7A82D91C5DEB5F00F4934F /* Views */,
			);
			path = "Message(消息)";
			sourceTree = "<group>";
		};
		BA7A82D51C5DEB5F00F4934F /* Controllers */ = {
			isa = PBXGroup;
			children = (
				BA7A82D61C5DEB5F00F4934F /* XUMessageTableViewController.h */,
				BA7A82D71C5DEB5F00F4934F /* XUMessageTableViewController.m */,
			);
			path = Controllers;
			sourceTree = "<group>";
		};
		BA7A82D81C5DEB5F00F4934F /* Models */ = {
			isa = PBXGroup;
			children = (
			);
			path = Models;
			sourceTree = "<group>";
		};
		BA7A82D91C5DEB5F00F4934F /* Views */ = {
			isa = PBXGroup;
			children = (
			);
			path = Views;
			sourceTree = "<group>";
		};
		BA7A82E01C5DFA0C00F4934F /* Category */ = {
			isa = PBXGroup;
			children = (
				BA7A82E11C5DFA2900F4934F /* UIImage+XU.h */,
				BA7A82E21C5DFA2900F4934F /* UIImage+XU.m */,
				BAAE29831C5F2B62007A37E0 /* UIBarButtonItem+XU.h */,
				BAAE29841C5F2B62007A37E0 /* UIBarButtonItem+XU.m */,
			);
			path = Category;
			sourceTree = "<group>";
		};
		BAAE298C1C5F9324007A37E0 /* OAuth(授权) */ = {
			isa = PBXGroup;
			children = (
				BAAE298D1C5F9324007A37E0 /* Controllers */,
				BAAE298E1C5F9324007A37E0 /* Models */,
				BAAE298F1C5F9324007A37E0 /* Views */,
			);
			path = "OAuth(授权)";
			sourceTree = "<group>";
		};
		BAAE298D1C5F9324007A37E0 /* Controllers */ = {
			isa = PBXGroup;
			children = (
				BAAE29901C5F93E8007A37E0 /* XUOAuthViewController.h */,
				BAAE29911C5F93E8007A37E0 /* XUOAuthViewController.m */,
			);
			path = Controllers;
			sourceTree = "<group>";
		};
		BAAE298E1C5F9324007A37E0 /* Models */ = {
			isa = PBXGroup;
			children = (
				BAAE29D01C5FA519007A37E0 /* XUAccount.h */,
				BAAE29D11C5FA519007A37E0 /* XUAccount.m */,
				BAAE29D31C60E9D3007A37E0 /* XUAccountTool.h */,
				BAAE29D41C60E9D3007A37E0 /* XUAccountTool.m */,
			);
			path = Models;
			sourceTree = "<group>";
		};
		BAAE298F1C5F9324007A37E0 /* Views */ = {
			isa = PBXGroup;
			children = (
			);
			path = Views;
			sourceTree = "<group>";
		};
		BAAE2A3D1C6103F2007A37E0 /* Lib */ = {
			isa = PBXGroup;
			children = (
				BAAE2A931C61131F007A37E0 /* MJExtension */,
				BAAE2A3E1C6103F2007A37E0 /* AFNetworking */,
				BAAE2A4C1C6103F2007A37E0 /* MBProgressHUD */,
				BAAE2A521C6103F2007A37E0 /* SDWebImage */,
			);
			path = Lib;
			sourceTree = "<group>";
		};
		BAAE2A3E1C6103F2007A37E0 /* AFNetworking */ = {
			isa = PBXGroup;
			children = (
				BAAE2A3F1C6103F2007A37E0 /* AFHTTPSessionManager.h */,
				BAAE2A401C6103F2007A37E0 /* AFHTTPSessionManager.m */,
				BAAE2A411C6103F2007A37E0 /* AFNetworking.h */,
				BAAE2A421C6103F2007A37E0 /* AFNetworkReachabilityManager.h */,
				BAAE2A431C6103F2007A37E0 /* AFNetworkReachabilityManager.m */,
				BAAE2A441C6103F2007A37E0 /* AFSecurityPolicy.h */,
				BAAE2A451C6103F2007A37E0 /* AFSecurityPolicy.m */,
				BAAE2A461C6103F2007A37E0 /* AFURLRequestSerialization.h */,
				BAAE2A471C6103F2007A37E0 /* AFURLRequestSerialization.m */,
				BAAE2A481C6103F2007A37E0 /* AFURLResponseSerialization.h */,
				BAAE2A491C6103F2007A37E0 /* AFURLResponseSerialization.m */,
				BAAE2A4A1C6103F2007A37E0 /* AFURLSessionManager.h */,
				BAAE2A4B1C6103F2007A37E0 /* AFURLSessionManager.m */,
			);
			path = AFNetworking;
			sourceTree = "<group>";
		};
		BAAE2A4C1C6103F2007A37E0 /* MBProgressHUD */ = {
			isa = PBXGroup;
			children = (
				BAAE2A4D1C6103F2007A37E0 /* MBProgressHUD+MJ.h */,
				BAAE2A4E1C6103F2007A37E0 /* MBProgressHUD+MJ.m */,
				BAAE2A4F1C6103F2007A37E0 /* MBProgressHUD.bundle */,
				BAAE2A501C6103F2007A37E0 /* MBProgressHUD.h */,
				BAAE2A511C6103F2007A37E0 /* MBProgressHUD.m */,
			);
			path = MBProgressHUD;
			sourceTree = "<group>";
		};
		BAAE2A521C6103F2007A37E0 /* SDWebImage */ = {
			isa = PBXGroup;
			children = (
				BAAE2A531C6103F2007A37E0 /* MKAnnotationView+WebCache.h */,
				BAAE2A541C6103F2007A37E0 /* MKAnnotationView+WebCache.m */,
				BAAE2A551C6103F2007A37E0 /* NSData+ImageContentType.h */,
				BAAE2A561C6103F2007A37E0 /* NSData+ImageContentType.m */,
				BAAE2A571C6103F2007A37E0 /* SDImageCache.h */,
				BAAE2A581C6103F2007A37E0 /* SDImageCache.m */,
				BAAE2A591C6103F2007A37E0 /* SDWebImageCompat.h */,
				BAAE2A5A1C6103F2007A37E0 /* SDWebImageCompat.m */,
				BAAE2A5B1C6103F2007A37E0 /* SDWebImageDecoder.h */,
				BAAE2A5C1C6103F2007A37E0 /* SDWebImageDecoder.m */,
				BAAE2A5D1C6103F2007A37E0 /* SDWebImageDownloader.h */,
				BAAE2A5E1C6103F2007A37E0 /* SDWebImageDownloader.m */,
				BAAE2A5F1C6103F2007A37E0 /* SDWebImageDownloaderOperation.h */,
				BAAE2A601C6103F2007A37E0 /* SDWebImageDownloaderOperation.m */,
				BAAE2A611C6103F2007A37E0 /* SDWebImageManager.h */,
				BAAE2A621C6103F2007A37E0 /* SDWebImageManager.m */,
				BAAE2A631C6103F2007A37E0 /* SDWebImageOperation.h */,
				BAAE2A641C6103F2007A37E0 /* SDWebImagePrefetcher.h */,
				BAAE2A651C6103F2007A37E0 /* SDWebImagePrefetcher.m */,
				BAAE2A661C6103F2007A37E0 /* UIButton+WebCache.h */,
				BAAE2A671C6103F2007A37E0 /* UIButton+WebCache.m */,
				BAAE2A681C6103F2007A37E0 /* UIImage+GIF.h */,
				BAAE2A691C6103F2007A37E0 /* UIImage+GIF.m */,
				BAAE2A6A1C6103F2007A37E0 /* UIImage+MultiFormat.h */,
				BAAE2A6B1C6103F2007A37E0 /* UIImage+MultiFormat.m */,
				BAAE2A6C1C6103F2007A37E0 /* UIImage+WebP.h */,
				BAAE2A6D1C6103F2007A37E0 /* UIImage+WebP.m */,
				BAAE2A6E1C6103F2007A37E0 /* UIImageView+HighlightedWebCache.h */,
				BAAE2A6F1C6103F2007A37E0 /* UIImageView+HighlightedWebCache.m */,
				BAAE2A701C6103F2007A37E0 /* UIImageView+WebCache.h */,
				BAAE2A711C6103F2007A37E0 /* UIImageView+WebCache.m */,
				BAAE2A721C6103F2007A37E0 /* UIView+WebCacheOperation.h */,
				BAAE2A731C6103F2007A37E0 /* UIView+WebCacheOperation.m */,
			);
			path = SDWebImage;
			sourceTree = "<group>";
		};
		BAAE2A931C61131F007A37E0 /* MJExtension */ = {
			isa = PBXGroup;
			children = (
				BAAE2A941C61131F007A37E0 /* MJArgument.h */,
				BAAE2A951C61131F007A37E0 /* MJArgument.m */,
				BAAE2A961C61131F007A37E0 /* MJExtension.h */,
				BAAE2A971C61131F007A37E0 /* MJIvar.h */,
				BAAE2A981C61131F007A37E0 /* MJIvar.m */,
				BAAE2A991C61131F007A37E0 /* MJMember.h */,
				BAAE2A9A1C61131F007A37E0 /* MJMember.m */,
				BAAE2A9B1C61131F007A37E0 /* MJMethod.h */,
				BAAE2A9C1C61131F007A37E0 /* MJMethod.m */,
				BAAE2A9D1C61131F007A37E0 /* MJType.h */,
				BAAE2A9E1C61131F007A37E0 /* MJType.m */,
				BAAE2A9F1C61131F007A37E0 /* MJTypeEncoding.h */,
				BAAE2AA01C61131F007A37E0 /* MJTypeEncoding.m */,
				BAAE2AA11C61131F007A37E0 /* NSObject+MJCoding.h */,
				BAAE2AA21C61131F007A37E0 /* NSObject+MJCoding.m */,
				BAAE2AA31C61131F007A37E0 /* NSObject+MJKeyValue.h */,
				BAAE2AA41C61131F007A37E0 /* NSObject+MJKeyValue.m */,
				BAAE2AA51C61131F007A37E0 /* NSObject+MJMember.h */,
				BAAE2AA61C61131F007A37E0 /* NSObject+MJMember.m */,
			);
			path = MJExtension;
			sourceTree = "<group>";
		};
/* End PBXGroup section */

/* Begin PBXNativeTarget section */
		BA7A82851C5DEB2E00F4934F /* 0131YTWeibo */ = {
			isa = PBXNativeTarget;
			buildConfigurationList = BA7A82B31C5DEB2E00F4934F /* Build configuration list for PBXNativeTarget "0131YTWeibo" */;
			buildPhases = (
				BA7A82821C5DEB2E00F4934F /* Sources */,
				BA7A82831C5DEB2E00F4934F /* Frameworks */,
				BA7A82841C5DEB2E00F4934F /* Resources */,
			);
			buildRules = (
			);
			dependencies = (
			);
			name = 0131YTWeibo;
			productName = 0131YTWeibo;
			productReference = BA7A82861C5DEB2E00F4934F /* 0131YTWeibo.app */;
			productType = "com.apple.product-type.application";
		};
		BA7A829E1C5DEB2E00F4934F /* 0131YTWeiboTests */ = {
			isa = PBXNativeTarget;
			buildConfigurationList = BA7A82B61C5DEB2E00F4934F /* Build configuration list for PBXNativeTarget "0131YTWeiboTests" */;
			buildPhases = (
				BA7A829B1C5DEB2E00F4934F /* Sources */,
				BA7A829C1C5DEB2E00F4934F /* Frameworks */,
				BA7A829D1C5DEB2E00F4934F /* Resources */,
			);
			buildRules = (
			);
			dependencies = (
				BA7A82A11C5DEB2E00F4934F /* PBXTargetDependency */,
			);
			name = 0131YTWeiboTests;
			productName = 0131YTWeiboTests;
			productReference = BA7A829F1C5DEB2E00F4934F /* 0131YTWeiboTests.xctest */;
			productType = "com.apple.product-type.bundle.unit-test";
		};
		BA7A82A91C5DEB2E00F4934F /* 0131YTWeiboUITests */ = {
			isa = PBXNativeTarget;
			buildConfigurationList = BA7A82B91C5DEB2E00F4934F /* Build configuration list for PBXNativeTarget "0131YTWeiboUITests" */;
			buildPhases = (
				BA7A82A61C5DEB2E00F4934F /* Sources */,
				BA7A82A71C5DEB2E00F4934F /* Frameworks */,
				BA7A82A81C5DEB2E00F4934F /* Resources */,
			);
			buildRules = (
			);
			dependencies = (
				BA7A82AC1C5DEB2E00F4934F /* PBXTargetDependency */,
			);
			name = 0131YTWeiboUITests;
			productName = 0131YTWeiboUITests;
			productReference = BA7A82AA1C5DEB2E00F4934F /* 0131YTWeiboUITests.xctest */;
			productType = "com.apple.product-type.bundle.ui-testing";
		};
/* End PBXNativeTarget section */

/* Begin PBXProject section */
		BA7A827E1C5DEB2E00F4934F /* Project object */ = {
			isa = PBXProject;
			attributes = {
				LastUpgradeCheck = 0720;
				ORGANIZATIONNAME = ZJUMSE;
				TargetAttributes = {
					BA7A82851C5DEB2E00F4934F = {
						CreatedOnToolsVersion = 7.2;
						DevelopmentTeam = HYBAG3V76T;
					};
					BA7A829E1C5DEB2E00F4934F = {
						CreatedOnToolsVersion = 7.2;
						DevelopmentTeam = HYBAG3V76T;
						TestTargetID = BA7A82851C5DEB2E00F4934F;
					};
					BA7A82A91C5DEB2E00F4934F = {
						CreatedOnToolsVersion = 7.2;
						DevelopmentTeam = HYBAG3V76T;
						TestTargetID = BA7A82851C5DEB2E00F4934F;
					};
				};
			};
			buildConfigurationList = BA7A82811C5DEB2E00F4934F /* Build configuration list for PBXProject "0131YTWeibo" */;
			compatibilityVersion = "Xcode 3.2";
			developmentRegion = English;
			hasScannedForEncodings = 0;
			knownRegions = (
				en,
				Base,
			);
			mainGroup = BA7A827D1C5DEB2E00F4934F;
			productRefGroup = BA7A82871C5DEB2E00F4934F /* Products */;
			projectDirPath = "";
			projectRoot = "";
			targets = (
				BA7A82851C5DEB2E00F4934F /* 0131YTWeibo */,
				BA7A829E1C5DEB2E00F4934F /* 0131YTWeiboTests */,
				BA7A82A91C5DEB2E00F4934F /* 0131YTWeiboUITests */,
			);
		};
/* End PBXProject section */

/* Begin PBXResourcesBuildPhase section */
		BA7A82841C5DEB2E00F4934F /* Resources */ = {
			isa = PBXResourcesBuildPhase;
			buildActionMask = 2147483647;
			files = (
				BA7A82961C5DEB2E00F4934F /* Assets.xcassets in Resources */,
				BAAE2A7B1C6103F2007A37E0 /* MBProgressHUD.bundle in Resources */,
			);
			runOnlyForDeploymentPostprocessing = 0;
		};
		BA7A829D1C5DEB2E00F4934F /* Resources */ = {
			isa = PBXResourcesBuildPhase;
			buildActionMask = 2147483647;
			files = (
			);
			runOnlyForDeploymentPostprocessing = 0;
		};
		BA7A82A81C5DEB2E00F4934F /* Resources */ = {
			isa = PBXResourcesBuildPhase;
			buildActionMask = 2147483647;
			files = (
			);
			runOnlyForDeploymentPostprocessing = 0;
		};
/* End PBXResourcesBuildPhase section */

/* Begin PBXSourcesBuildPhase section */
		BA7A82821C5DEB2E00F4934F /* Sources */ = {
			isa = PBXSourcesBuildPhase;
			buildActionMask = 2147483647;
			files = (
				BAAE2A831C6103F2007A37E0 /* SDWebImageDownloaderOperation.m in Sources */,
				BAAE2A891C6103F2007A37E0 /* UIImage+WebP.m in Sources */,
				BAAE2A851C6103F2007A37E0 /* SDWebImagePrefetcher.m in Sources */,
				BAC8EDA71C5E7C200064A589 /* XUNavigationController.m in Sources */,
				BAAE2A7F1C6103F2007A37E0 /* SDImageCache.m in Sources */,
				BAAE2AAC1C61131F007A37E0 /* MJTypeEncoding.m in Sources */,
				BAAE2A841C6103F2007A37E0 /* SDWebImageManager.m in Sources */,
				BAAE2A741C6103F2007A37E0 /* AFHTTPSessionManager.m in Sources */,
				BAAE2A751C6103F2007A37E0 /* AFNetworkReachabilityManager.m in Sources */,
				BA7A82E31C5DFA2900F4934F /* UIImage+XU.m in Sources */,
				BAAE298B1C5F3868007A37E0 /* XUTitileButton.m in Sources */,
				BAAE2AA91C61131F007A37E0 /* MJMember.m in Sources */,
				BAAE2A8C1C6103F2007A37E0 /* UIView+WebCacheOperation.m in Sources */,
				BA7A82DD1C5DEB5F00F4934F /* XUMeTableViewController.m in Sources */,
				BAAE2A801C6103F2007A37E0 /* SDWebImageCompat.m in Sources */,
				BAAE2A7A1C6103F2007A37E0 /* MBProgressHUD+MJ.m in Sources */,
				BA7A82DE1C5DEB5F00F4934F /* XUMessageTableViewController.m in Sources */,
				BAAE2AAD1C61131F007A37E0 /* NSObject+MJCoding.m in Sources */,
				BAAE2A8F1C6109AC007A37E0 /* XUStatus.m in Sources */,
				BAAE2A811C6103F2007A37E0 /* SDWebImageDecoder.m in Sources */,
				BAAE2A771C6103F2007A37E0 /* AFURLRequestSerialization.m in Sources */,
				BAAE2A7C1C6103F2007A37E0 /* MBProgressHUD.m in Sources */,
				BAAE2A761C6103F2007A37E0 /* AFSecurityPolicy.m in Sources */,
				BAAE2A8A1C6103F2007A37E0 /* UIImageView+HighlightedWebCache.m in Sources */,
				BAAE2A791C6103F2007A37E0 /* AFURLSessionManager.m in Sources */,
				BA7A82E61C5DFE7200F4934F /* XUTabBarView.m in Sources */,
				BA0191D61C5E2A37009B4455 /* XUTabBarButton.m in Sources */,
				BAAE2AAB1C61131F007A37E0 /* MJType.m in Sources */,
				BAAE2AAE1C61131F007A37E0 /* NSObject+MJKeyValue.m in Sources */,
				BA7A82DC1C5DEB5F00F4934F /* XUTabBarViewController.m in Sources */,
				BA7A82DA1C5DEB5F00F4934F /* XUDiscoverTableViewController.m in Sources */,
				BAAE2A881C6103F2007A37E0 /* UIImage+MultiFormat.m in Sources */,
				BAAE29881C5F323E007A37E0 /* XUSearchBar.m in Sources */,
				BAAE2AAA1C61131F007A37E0 /* MJMethod.m in Sources */,
				BAAE2A7D1C6103F2007A37E0 /* MKAnnotationView+WebCache.m in Sources */,
				BAAE2A7E1C6103F2007A37E0 /* NSData+ImageContentType.m in Sources */,
				BAAE2A861C6103F2007A37E0 /* UIButton+WebCache.m in Sources */,
				BAAE2AA71C61131F007A37E0 /* MJArgument.m in Sources */,
				BAAE2A921C610D66007A37E0 /* XUUser.m in Sources */,
				BAAE2A8B1C6103F2007A37E0 /* UIImageView+WebCache.m in Sources */,
				BA7A828E1C5DEB2E00F4934F /* AppDelegate.m in Sources */,
				BAAE29851C5F2B62007A37E0 /* UIBarButtonItem+XU.m in Sources */,
				BAAE2AAF1C61131F007A37E0 /* NSObject+MJMember.m in Sources */,
				BAAE2A871C6103F2007A37E0 /* UIImage+GIF.m in Sources */,
				BAAE2A821C6103F2007A37E0 /* SDWebImageDownloader.m in Sources */,
				BA7A82DB1C5DEB5F00F4934F /* XUHomeTableViewController.m in Sources */,
				BA7A828B1C5DEB2E00F4934F /* main.m in Sources */,
				BAAE29D51C60E9D3007A37E0 /* XUAccountTool.m in Sources */,
				BAAE29D21C5FA519007A37E0 /* XUAccount.m in Sources */,
				BAC8EDA41C5E71780064A589 /* XUBadgeButton.m in Sources */,
				BAAE29921C5F93E8007A37E0 /* XUOAuthViewController.m in Sources */,
				BAAE2AA81C61131F007A37E0 /* MJIvar.m in Sources */,
				BAAE2A781C6103F2007A37E0 /* AFURLResponseSerialization.m in Sources */,
			);
			runOnlyForDeploymentPostprocessing = 0;
		};
		BA7A829B1C5DEB2E00F4934F /* Sources */ = {
			isa = PBXSourcesBuildPhase;
			buildActionMask = 2147483647;
			files = (
				BA7A82A41C5DEB2E00F4934F /* _131YTWeiboTests.m in Sources */,
			);
			runOnlyForDeploymentPostprocessing = 0;
		};
		BA7A82A61C5DEB2E00F4934F /* Sources */ = {
			isa = PBXSourcesBuildPhase;
			buildActionMask = 2147483647;
			files = (
				BA7A82AF1C5DEB2E00F4934F /* _131YTWeiboUITests.m in Sources */,
			);
			runOnlyForDeploymentPostprocessing = 0;
		};
/* End PBXSourcesBuildPhase section */

/* Begin PBXTargetDependency section */
		BA7A82A11C5DEB2E00F4934F /* PBXTargetDependency */ = {
			isa = PBXTargetDependency;
			target = BA7A82851C5DEB2E00F4934F /* 0131YTWeibo */;
			targetProxy = BA7A82A01C5DEB2E00F4934F /* PBXContainerItemProxy */;
		};
		BA7A82AC1C5DEB2E00F4934F /* PBXTargetDependency */ = {
			isa = PBXTargetDependency;
			target = BA7A82851C5DEB2E00F4934F /* 0131YTWeibo */;
			targetProxy = BA7A82AB1C5DEB2E00F4934F /* PBXContainerItemProxy */;
		};
/* End PBXTargetDependency section */

/* Begin XCBuildConfiguration section */
		BA7A82B11C5DEB2E00F4934F /* Debug */ = {
			isa = XCBuildConfiguration;
			buildSettings = {
				ALWAYS_SEARCH_USER_PATHS = NO;
				CLANG_CXX_LANGUAGE_STANDARD = "gnu++0x";
				CLANG_CXX_LIBRARY = "libc++";
				CLANG_ENABLE_MODULES = YES;
				CLANG_ENABLE_OBJC_ARC = YES;
				CLANG_WARN_BOOL_CONVERSION = YES;
				CLANG_WARN_CONSTANT_CONVERSION = YES;
				CLANG_WARN_DIRECT_OBJC_ISA_USAGE = YES_ERROR;
				CLANG_WARN_EMPTY_BODY = YES;
				CLANG_WARN_ENUM_CONVERSION = YES;
				CLANG_WARN_INT_CONVERSION = YES;
				CLANG_WARN_OBJC_ROOT_CLASS = YES_ERROR;
				CLANG_WARN_UNREACHABLE_CODE = YES;
				CLANG_WARN__DUPLICATE_METHOD_MATCH = YES;
				"CODE_SIGN_IDENTITY[sdk=iphoneos*]" = "iPhone Developer";
				COPY_PHASE_STRIP = NO;
				DEBUG_INFORMATION_FORMAT = dwarf;
				ENABLE_STRICT_OBJC_MSGSEND = YES;
				ENABLE_TESTABILITY = YES;
				GCC_C_LANGUAGE_STANDARD = gnu99;
				GCC_DYNAMIC_NO_PIC = NO;
				GCC_NO_COMMON_BLOCKS = YES;
				GCC_OPTIMIZATION_LEVEL = 0;
				GCC_PREFIX_HEADER = 0131YTWeibo/PrefixHeader.pch;
				GCC_PREPROCESSOR_DEFINITIONS = (
					"DEBUG=1",
					"$(inherited)",
				);
				GCC_WARN_64_TO_32_BIT_CONVERSION = YES;
				GCC_WARN_ABOUT_RETURN_TYPE = YES_ERROR;
				GCC_WARN_UNDECLARED_SELECTOR = YES;
				GCC_WARN_UNINITIALIZED_AUTOS = YES_AGGRESSIVE;
				GCC_WARN_UNUSED_FUNCTION = YES;
				GCC_WARN_UNUSED_VARIABLE = YES;
				IPHONEOS_DEPLOYMENT_TARGET = 9.2;
				MTL_ENABLE_DEBUG_INFO = YES;
				ONLY_ACTIVE_ARCH = YES;
				SDKROOT = iphoneos;
			};
			name = Debug;
		};
		BA7A82B21C5DEB2E00F4934F /* Release */ = {
			isa = XCBuildConfiguration;
			buildSettings = {
				ALWAYS_SEARCH_USER_PATHS = NO;
				CLANG_CXX_LANGUAGE_STANDARD = "gnu++0x";
				CLANG_CXX_LIBRARY = "libc++";
				CLANG_ENABLE_MODULES = YES;
				CLANG_ENABLE_OBJC_ARC = YES;
				CLANG_WARN_BOOL_CONVERSION = YES;
				CLANG_WARN_CONSTANT_CONVERSION = YES;
				CLANG_WARN_DIRECT_OBJC_ISA_USAGE = YES_ERROR;
				CLANG_WARN_EMPTY_BODY = YES;
				CLANG_WARN_ENUM_CONVERSION = YES;
				CLANG_WARN_INT_CONVERSION = YES;
				CLANG_WARN_OBJC_ROOT_CLASS = YES_ERROR;
				CLANG_WARN_UNREACHABLE_CODE = YES;
				CLANG_WARN__DUPLICATE_METHOD_MATCH = YES;
				"CODE_SIGN_IDENTITY[sdk=iphoneos*]" = "iPhone Developer";
				COPY_PHASE_STRIP = NO;
				DEBUG_INFORMATION_FORMAT = "dwarf-with-dsym";
				ENABLE_NS_ASSERTIONS = NO;
				ENABLE_STRICT_OBJC_MSGSEND = YES;
				GCC_C_LANGUAGE_STANDARD = gnu99;
				GCC_NO_COMMON_BLOCKS = YES;
				GCC_PREFIX_HEADER = 0131YTWeibo/PrefixHeader.pch;
				GCC_WARN_64_TO_32_BIT_CONVERSION = YES;
				GCC_WARN_ABOUT_RETURN_TYPE = YES_ERROR;
				GCC_WARN_UNDECLARED_SELECTOR = YES;
				GCC_WARN_UNINITIALIZED_AUTOS = YES_AGGRESSIVE;
				GCC_WARN_UNUSED_FUNCTION = YES;
				GCC_WARN_UNUSED_VARIABLE = YES;
				IPHONEOS_DEPLOYMENT_TARGET = 9.2;
				MTL_ENABLE_DEBUG_INFO = NO;
				SDKROOT = iphoneos;
				VALIDATE_PRODUCT = YES;
			};
			name = Release;
		};
		BA7A82B41C5DEB2E00F4934F /* Debug */ = {
			isa = XCBuildConfiguration;
			buildSettings = {
				ASSETCATALOG_COMPILER_APPICON_NAME = AppIcon;
				ASSETCATALOG_COMPILER_LAUNCHIMAGE_NAME = LaunchImage;
				INFOPLIST_FILE = 0131YTWeibo/Info.plist;
				LD_RUNPATH_SEARCH_PATHS = "$(inherited) @executable_path/Frameworks";
				PRODUCT_BUNDLE_IDENTIFIER = "XU.-131YTWeibo";
				PRODUCT_NAME = "$(TARGET_NAME)";
			};
			name = Debug;
		};
		BA7A82B51C5DEB2E00F4934F /* Release */ = {
			isa = XCBuildConfiguration;
			buildSettings = {
				ASSETCATALOG_COMPILER_APPICON_NAME = AppIcon;
				ASSETCATALOG_COMPILER_LAUNCHIMAGE_NAME = LaunchImage;
				INFOPLIST_FILE = 0131YTWeibo/Info.plist;
				LD_RUNPATH_SEARCH_PATHS = "$(inherited) @executable_path/Frameworks";
				PRODUCT_BUNDLE_IDENTIFIER = "XU.-131YTWeibo";
				PRODUCT_NAME = "$(TARGET_NAME)";
			};
			name = Release;
		};
		BA7A82B71C5DEB2E00F4934F /* Debug */ = {
			isa = XCBuildConfiguration;
			buildSettings = {
				BUNDLE_LOADER = "$(TEST_HOST)";
				INFOPLIST_FILE = 0131YTWeiboTests/Info.plist;
				LD_RUNPATH_SEARCH_PATHS = "$(inherited) @executable_path/Frameworks @loader_path/Frameworks";
				PRODUCT_BUNDLE_IDENTIFIER = "XU.-131YTWeiboTests";
				PRODUCT_NAME = "$(TARGET_NAME)";
				TEST_HOST = "$(BUILT_PRODUCTS_DIR)/0131YTWeibo.app/0131YTWeibo";
			};
			name = Debug;
		};
		BA7A82B81C5DEB2E00F4934F /* Release */ = {
			isa = XCBuildConfiguration;
			buildSettings = {
				BUNDLE_LOADER = "$(TEST_HOST)";
				INFOPLIST_FILE = 0131YTWeiboTests/Info.plist;
				LD_RUNPATH_SEARCH_PATHS = "$(inherited) @executable_path/Frameworks @loader_path/Frameworks";
				PRODUCT_BUNDLE_IDENTIFIER = "XU.-131YTWeiboTests";
				PRODUCT_NAME = "$(TARGET_NAME)";
				TEST_HOST = "$(BUILT_PRODUCTS_DIR)/0131YTWeibo.app/0131YTWeibo";
			};
			name = Release;
		};
		BA7A82BA1C5DEB2E00F4934F /* Debug */ = {
			isa = XCBuildConfiguration;
			buildSettings = {
				INFOPLIST_FILE = 0131YTWeiboUITests/Info.plist;
				LD_RUNPATH_SEARCH_PATHS = "$(inherited) @executable_path/Frameworks @loader_path/Frameworks";
				PRODUCT_BUNDLE_IDENTIFIER = "XU.-131YTWeiboUITests";
				PRODUCT_NAME = "$(TARGET_NAME)";
				TEST_TARGET_NAME = 0131YTWeibo;
				USES_XCTRUNNER = YES;
			};
			name = Debug;
		};
		BA7A82BB1C5DEB2E00F4934F /* Release */ = {
			isa = XCBuildConfiguration;
			buildSettings = {
				INFOPLIST_FILE = 0131YTWeiboUITests/Info.plist;
				LD_RUNPATH_SEARCH_PATHS = "$(inherited) @executable_path/Frameworks @loader_path/Frameworks";
				PRODUCT_BUNDLE_IDENTIFIER = "XU.-131YTWeiboUITests";
				PRODUCT_NAME = "$(TARGET_NAME)";
				TEST_TARGET_NAME = 0131YTWeibo;
				USES_XCTRUNNER = YES;
			};
			name = Release;
		};
/* End XCBuildConfiguration section */

/* Begin XCConfigurationList section */
		BA7A82811C5DEB2E00F4934F /* Build configuration list for PBXProject "0131YTWeibo" */ = {
			isa = XCConfigurationList;
			buildConfigurations = (
				BA7A82B11C5DEB2E00F4934F /* Debug */,
				BA7A82B21C5DEB2E00F4934F /* Release */,
			);
			defaultConfigurationIsVisible = 0;
			defaultConfigurationName = Release;
		};
		BA7A82B31C5DEB2E00F4934F /* Build configuration list for PBXNativeTarget "0131YTWeibo" */ = {
			isa = XCConfigurationList;
			buildConfigurations = (
				BA7A82B41C5DEB2E00F4934F /* Debug */,
				BA7A82B51C5DEB2E00F4934F /* Release */,
			);
			defaultConfigurationIsVisible = 0;
			defaultConfigurationName = Release;
		};
		BA7A82B61C5DEB2E00F4934F /* Build configuration list for PBXNativeTarget "0131YTWeiboTests" */ = {
			isa = XCConfigurationList;
			buildConfigurations = (
				BA7A82B71C5DEB2E00F4934F /* Debug */,
				BA7A82B81C5DEB2E00F4934F /* Release */,
			);
			defaultConfigurationIsVisible = 0;
			defaultConfigurationName = Release;
		};
		BA7A82B91C5DEB2E00F4934F /* Build configuration list for PBXNativeTarget "0131YTWeiboUITests" */ = {
			isa = XCConfigurationList;
			buildConfigurations = (
				BA7A82BA1C5DEB2E00F4934F /* Debug */,
				BA7A82BB1C5DEB2E00F4934F /* Release */,
			);
			defaultConfigurationIsVisible = 0;
			defaultConfigurationName = Release;
		};
/* End XCConfigurationList section */
	};
	rootObject = BA7A827E1C5DEB2E00F4934F /* Project object */;
}
